// !$*UTF8*$!
{
	archiveVersion = 1;
	classes = {
	};
	objectVersion = 48;
	objects = {

/* Begin PBXBuildFile section */
		59F360022B39CFB0D519410A /* Pods_XiaoBie.framework in Frameworks */ = {isa = PBXBuildFile; fileRef = D91A1F6D117775FE7772F39B /* Pods_XiaoBie.framework */; };
		5B0B7EC2202B009C004CCCB8 /* CoreLocation.framework in Frameworks */ = {isa = PBXBuildFile; fileRef = 5B0B7EC1202B009C004CCCB8 /* CoreLocation.framework */; };
		5B0B7EC4202B03DB004CCCB8 /* LocationTool.swift in Sources */ = {isa = PBXBuildFile; fileRef = 5B0B7EC3202B03DB004CCCB8 /* LocationTool.swift */; };
		5B1F89142047967F0024B00B /* DChatView.swift in Sources */ = {isa = PBXBuildFile; fileRef = 5B1F89132047967F0024B00B /* DChatView.swift */; };
		5B28CFEA202D750B00E2DA2F /* DGrabListView.swift in Sources */ = {isa = PBXBuildFile; fileRef = 5B28CFE9202D750B00E2DA2F /* DGrabListView.swift */; };
		5B28CFEC202D7C1C00E2DA2F /* DGrabModel.swift in Sources */ = {isa = PBXBuildFile; fileRef = 5B28CFEB202D7C1C00E2DA2F /* DGrabModel.swift */; };
		5B28CFF3202D7F8100E2DA2F /* BlankView.swift in Sources */ = {isa = PBXBuildFile; fileRef = 5B28CFF2202D7F8100E2DA2F /* BlankView.swift */; };
		5B3519A7204408BE00CE92E4 /* DMyMoneyViewController.swift in Sources */ = {isa = PBXBuildFile; fileRef = 5B3519A6204408BE00CE92E4 /* DMyMoneyViewController.swift */; };
		5B3519A92044091E00CE92E4 /* DMyMoneyView.swift in Sources */ = {isa = PBXBuildFile; fileRef = 5B3519A82044091E00CE92E4 /* DMyMoneyView.swift */; };
		5B3519AB20440F2600CE92E4 /* DMyMoneyModel.swift in Sources */ = {isa = PBXBuildFile; fileRef = 5B3519AA20440F2600CE92E4 /* DMyMoneyModel.swift */; };
		5B48A7F020464C6700CA563A /* DAlibiModel.swift in Sources */ = {isa = PBXBuildFile; fileRef = 5B48A7EF20464C6700CA563A /* DAlibiModel.swift */; };
		5B48A81C2046814000CA563A /* MainViewController.swift in Sources */ = {isa = PBXBuildFile; fileRef = 5B48A81B2046814000CA563A /* MainViewController.swift */; };
		5B48A8202046927900CA563A /* CTabBarController.swift in Sources */ = {isa = PBXBuildFile; fileRef = 5B48A81F2046927900CA563A /* CTabBarController.swift */; };
		5B48A823204692D200CA563A /* MTabBarController.swift in Sources */ = {isa = PBXBuildFile; fileRef = 5B48A822204692D200CA563A /* MTabBarController.swift */; };
		5B48A82D2046A02C00CA563A /* MHomeViewController.swift in Sources */ = {isa = PBXBuildFile; fileRef = 5B48A82C2046A02C00CA563A /* MHomeViewController.swift */; };
		5B48A82F2046A04800CA563A /* MChatViewController.swift in Sources */ = {isa = PBXBuildFile; fileRef = 5B48A82E2046A04800CA563A /* MChatViewController.swift */; };
		5B48A8312046A08100CA563A /* MMineViewController.swift in Sources */ = {isa = PBXBuildFile; fileRef = 5B48A8302046A08100CA563A /* MMineViewController.swift */; };
		5B48A8332046A23200CA563A /* CHomeViewController.swift in Sources */ = {isa = PBXBuildFile; fileRef = 5B48A8322046A23200CA563A /* CHomeViewController.swift */; };
		5B48A8352046A24200CA563A /* CChatViewController.swift in Sources */ = {isa = PBXBuildFile; fileRef = 5B48A8342046A24200CA563A /* CChatViewController.swift */; };
		5B48A8372046A24B00CA563A /* CMineViewController.swift in Sources */ = {isa = PBXBuildFile; fileRef = 5B48A8362046A24B00CA563A /* CMineViewController.swift */; };
		5B498E9B2044FEEF0071406C /* DAlibiViewController.swift in Sources */ = {isa = PBXBuildFile; fileRef = 5B498E9A2044FEEF0071406C /* DAlibiViewController.swift */; };
		5B498E9D204501440071406C /* PhotoPickerTool.swift in Sources */ = {isa = PBXBuildFile; fileRef = 5B498E9C204501440071406C /* PhotoPickerTool.swift */; };
		5B498E9F204503DD0071406C /* DAlibiView.swift in Sources */ = {isa = PBXBuildFile; fileRef = 5B498E9E204503DD0071406C /* DAlibiView.swift */; };
		5B4CFDA4202D3D9F009D44F1 /* Alert.swift in Sources */ = {isa = PBXBuildFile; fileRef = 5B4CFDA0202D3D9F009D44F1 /* Alert.swift */; };
		5B4CFDA5202D3D9F009D44F1 /* NavigationController.swift in Sources */ = {isa = PBXBuildFile; fileRef = 5B4CFDA2202D3D9F009D44F1 /* NavigationController.swift */; };
		5B4CFDA6202D3D9F009D44F1 /* DTabBarController.swift in Sources */ = {isa = PBXBuildFile; fileRef = 5B4CFDA3202D3D9F009D44F1 /* DTabBarController.swift */; };
		5B50E1BD20284EDC00B365C8 /* Constant.swift in Sources */ = {isa = PBXBuildFile; fileRef = 5B50E1BC20284EDC00B365C8 /* Constant.swift */; };
		5B51FAD720293942001AB946 /* DHomeModel.swift in Sources */ = {isa = PBXBuildFile; fileRef = 5B51FAD620293942001AB946 /* DHomeModel.swift */; };
		5B51FADD20293E5B001AB946 /* DMineViewController.swift in Sources */ = {isa = PBXBuildFile; fileRef = 5B51FADC20293E5B001AB946 /* DMineViewController.swift */; };
		5B51FADF20293E65001AB946 /* DChatViewController.swift in Sources */ = {isa = PBXBuildFile; fileRef = 5B51FADE20293E65001AB946 /* DChatViewController.swift */; };
		5B51FAE120293E73001AB946 /* DGrabListViewController.swift in Sources */ = {isa = PBXBuildFile; fileRef = 5B51FAE020293E73001AB946 /* DGrabListViewController.swift */; };
		5B51FAE320293EA6001AB946 /* DHomeViewController.swift in Sources */ = {isa = PBXBuildFile; fileRef = 5B51FAE220293EA6001AB946 /* DHomeViewController.swift */; };
		5B51FAEE202947E2001AB946 /* UIViewController.swift in Sources */ = {isa = PBXBuildFile; fileRef = 5B51FAEA202947E2001AB946 /* UIViewController.swift */; };
		5B51FAEF202947E2001AB946 /* UIView.swift in Sources */ = {isa = PBXBuildFile; fileRef = 5B51FAEB202947E2001AB946 /* UIView.swift */; };
		5B51FAF0202947E2001AB946 /* String.swift in Sources */ = {isa = PBXBuildFile; fileRef = 5B51FAEC202947E2001AB946 /* String.swift */; };
		5B51FAF1202947E2001AB946 /* UIButton.swift in Sources */ = {isa = PBXBuildFile; fileRef = 5B51FAED202947E2001AB946 /* UIButton.swift */; };
		5B51FAF8202948AA001AB946 /* HudTool.swift in Sources */ = {isa = PBXBuildFile; fileRef = 5B51FAF3202948AA001AB946 /* HudTool.swift */; };
		5B51FAFA202948AA001AB946 /* WebTool.swift in Sources */ = {isa = PBXBuildFile; fileRef = 5B51FAF5202948AA001AB946 /* WebTool.swift */; };
		5B51FAFB202948AA001AB946 /* AccountTool.swift in Sources */ = {isa = PBXBuildFile; fileRef = 5B51FAF6202948AA001AB946 /* AccountTool.swift */; };
		5B51FAFE20294A1D001AB946 /* CacheTool.swift in Sources */ = {isa = PBXBuildFile; fileRef = 5B51FAFC20294A1D001AB946 /* CacheTool.swift */; };
		5B51FAFF20294A1D001AB946 /* ValidateTool.swift in Sources */ = {isa = PBXBuildFile; fileRef = 5B51FAFD20294A1D001AB946 /* ValidateTool.swift */; };
		5B6325EA203130C100659725 /* DateTool.swift in Sources */ = {isa = PBXBuildFile; fileRef = 5B6325E9203130C100659725 /* DateTool.swift */; };
		5B6F3F97202BE7C70070818C /* DClockinView.swift in Sources */ = {isa = PBXBuildFile; fileRef = 5B6F3F96202BE7C70070818C /* DClockinView.swift */; };
		5B702F3F20412FEB00DB4978 /* CalendarViewController.swift in Sources */ = {isa = PBXBuildFile; fileRef = 5B702F3E20412FEB00DB4978 /* CalendarViewController.swift */; };
		5B702F412041392100DB4978 /* CalendarView.swift in Sources */ = {isa = PBXBuildFile; fileRef = 5B702F402041392100DB4978 /* CalendarView.swift */; };
		5B7CCEC7202808E000C99139 /* AppDelegate.swift in Sources */ = {isa = PBXBuildFile; fileRef = 5B7CCEC6202808E000C99139 /* AppDelegate.swift */; };
		5B7CCECE202808E000C99139 /* Assets.xcassets in Resources */ = {isa = PBXBuildFile; fileRef = 5B7CCECD202808E000C99139 /* Assets.xcassets */; };
		5B9854C52047A6DB00C449C3 /* DToCheckViewController.swift in Sources */ = {isa = PBXBuildFile; fileRef = 5B9854C42047A6DB00C449C3 /* DToCheckViewController.swift */; };
		5B9854C72047A90D00C449C3 /* DToCheckView.swift in Sources */ = {isa = PBXBuildFile; fileRef = 5B9854C62047A90D00C449C3 /* DToCheckView.swift */; };
		5B997823202AC9450005357A /* DClockinViewHandler.swift in Sources */ = {isa = PBXBuildFile; fileRef = 5B997822202AC9450005357A /* DClockinViewHandler.swift */; };
		5BB2AAEC20298DB700AEC5A8 /* UIColor.swift in Sources */ = {isa = PBXBuildFile; fileRef = 5BB2AAEB20298DB700AEC5A8 /* UIColor.swift */; };
		5BB2AAEE20299C7800AEC5A8 /* LoginModel.swift in Sources */ = {isa = PBXBuildFile; fileRef = 5BB2AAED20299C7800AEC5A8 /* LoginModel.swift */; };
		5BB2AAF02029AA1B00AEC5A8 /* DHomeView.swift in Sources */ = {isa = PBXBuildFile; fileRef = 5BB2AAEF2029AA1B00AEC5A8 /* DHomeView.swift */; };
		5BB90CF92030345300F6CD9E /* DMyPhoneViewController.swift in Sources */ = {isa = PBXBuildFile; fileRef = 5BB90CF82030345300F6CD9E /* DMyPhoneViewController.swift */; };
		5BB90CFC203042F800F6CD9E /* DHomeListViewController.swift in Sources */ = {isa = PBXBuildFile; fileRef = 5BB90CFB203042F800F6CD9E /* DHomeListViewController.swift */; };
		5BB90CFE2030430F00F6CD9E /* DHomeListView.swift in Sources */ = {isa = PBXBuildFile; fileRef = 5BB90CFD2030430F00F6CD9E /* DHomeListView.swift */; };
		5BDB502C202C1D2C0055C21E /* LoginViewController.swift in Sources */ = {isa = PBXBuildFile; fileRef = 5BDB502B202C1D2C0055C21E /* LoginViewController.swift */; };
		5BDB502E202C1D570055C21E /* LoginView.swift in Sources */ = {isa = PBXBuildFile; fileRef = 5BDB502D202C1D570055C21E /* LoginView.swift */; };
		5BDB5030202C3B490055C21E /* DMineCell.swift in Sources */ = {isa = PBXBuildFile; fileRef = 5BDB502F202C3B490055C21E /* DMineCell.swift */; };
		5BDB5032202C45F80055C21E /* DMyHeader.swift in Sources */ = {isa = PBXBuildFile; fileRef = 5BDB5031202C45F80055C21E /* DMyHeader.swift */; };
		5BDB5036202C52B90055C21E /* DSetupViewController.swift in Sources */ = {isa = PBXBuildFile; fileRef = 5BDB5035202C52B90055C21E /* DSetupViewController.swift */; };
		5BDB5038202C52DA0055C21E /* DSetupView.swift in Sources */ = {isa = PBXBuildFile; fileRef = 5BDB5037202C52DA0055C21E /* DSetupView.swift */; };
		5BF04539203FFD3C003F8CE5 /* DStoreViewController.swift in Sources */ = {isa = PBXBuildFile; fileRef = 5BF04538203FFD3C003F8CE5 /* DStoreViewController.swift */; };
		5BF0453C203FFD56003F8CE5 /* DHistoryViewController.swift in Sources */ = {isa = PBXBuildFile; fileRef = 5BF0453B203FFD56003F8CE5 /* DHistoryViewController.swift */; };
		5BF0453E203FFF3A003F8CE5 /* DHistoryModel.swift in Sources */ = {isa = PBXBuildFile; fileRef = 5BF0453D203FFF3A003F8CE5 /* DHistoryModel.swift */; };
		5BF045402040020B003F8CE5 /* DHistoryView.swift in Sources */ = {isa = PBXBuildFile; fileRef = 5BF0453F2040020B003F8CE5 /* DHistoryView.swift */; };
		5BF0454320401085003F8CE5 /* DScanViewController.swift in Sources */ = {isa = PBXBuildFile; fileRef = 5BF0454220401085003F8CE5 /* DScanViewController.swift */; };
		5BF8F3F9202FD8650031D9D4 /* DGrabViewController.swift in Sources */ = {isa = PBXBuildFile; fileRef = 5BF8F3F8202FD8650031D9D4 /* DGrabViewController.swift */; };
		5BF8F405202FDF7F0031D9D4 /* SelectView.swift in Sources */ = {isa = PBXBuildFile; fileRef = 5BF8F404202FDF7F0031D9D4 /* SelectView.swift */; };
		5BF8F40720300B4D0031D9D4 /* PageView.swift in Sources */ = {isa = PBXBuildFile; fileRef = 5BF8F40620300B4D0031D9D4 /* PageView.swift */; };
/* End PBXBuildFile section */

/* Begin PBXFileReference section */
		25AF6A062379FF2A666E12F7 /* Pods-XiaoBie.debug.xcconfig */ = {isa = PBXFileReference; includeInIndex = 1; lastKnownFileType = text.xcconfig; name = "Pods-XiaoBie.debug.xcconfig"; path = "Pods/Target Support Files/Pods-XiaoBie/Pods-XiaoBie.debug.xcconfig"; sourceTree = "<group>"; };
		5B0B7EC1202B009C004CCCB8 /* CoreLocation.framework */ = {isa = PBXFileReference; lastKnownFileType = wrapper.framework; name = CoreLocation.framework; path = System/Library/Frameworks/CoreLocation.framework; sourceTree = SDKROOT; };
		5B0B7EC3202B03DB004CCCB8 /* LocationTool.swift */ = {isa = PBXFileReference; lastKnownFileType = sourcecode.swift; path = LocationTool.swift; sourceTree = "<group>"; };
		5B1F89132047967F0024B00B /* DChatView.swift */ = {isa = PBXFileReference; lastKnownFileType = sourcecode.swift; path = DChatView.swift; sourceTree = "<group>"; };
		5B28CFE9202D750B00E2DA2F /* DGrabListView.swift */ = {isa = PBXFileReference; lastKnownFileType = sourcecode.swift; path = DGrabListView.swift; sourceTree = "<group>"; };
		5B28CFEB202D7C1C00E2DA2F /* DGrabModel.swift */ = {isa = PBXFileReference; lastKnownFileType = sourcecode.swift; path = DGrabModel.swift; sourceTree = "<group>"; };
		5B28CFF2202D7F8100E2DA2F /* BlankView.swift */ = {isa = PBXFileReference; fileEncoding = 4; lastKnownFileType = sourcecode.swift; path = BlankView.swift; sourceTree = "<group>"; };
		5B3519A6204408BE00CE92E4 /* DMyMoneyViewController.swift */ = {isa = PBXFileReference; lastKnownFileType = sourcecode.swift; path = DMyMoneyViewController.swift; sourceTree = "<group>"; };
		5B3519A82044091E00CE92E4 /* DMyMoneyView.swift */ = {isa = PBXFileReference; lastKnownFileType = sourcecode.swift; path = DMyMoneyView.swift; sourceTree = "<group>"; };
		5B3519AA20440F2600CE92E4 /* DMyMoneyModel.swift */ = {isa = PBXFileReference; lastKnownFileType = sourcecode.swift; path = DMyMoneyModel.swift; sourceTree = "<group>"; };
		5B48A7EF20464C6700CA563A /* DAlibiModel.swift */ = {isa = PBXFileReference; lastKnownFileType = sourcecode.swift; path = DAlibiModel.swift; sourceTree = "<group>"; };
		5B48A81B2046814000CA563A /* MainViewController.swift */ = {isa = PBXFileReference; lastKnownFileType = sourcecode.swift; name = MainViewController.swift; path = ../../MainViewController.swift; sourceTree = "<group>"; };
		5B48A81F2046927900CA563A /* CTabBarController.swift */ = {isa = PBXFileReference; lastKnownFileType = sourcecode.swift; path = CTabBarController.swift; sourceTree = "<group>"; };
		5B48A822204692D200CA563A /* MTabBarController.swift */ = {isa = PBXFileReference; lastKnownFileType = sourcecode.swift; path = MTabBarController.swift; sourceTree = "<group>"; };
		5B48A82C2046A02C00CA563A /* MHomeViewController.swift */ = {isa = PBXFileReference; lastKnownFileType = sourcecode.swift; path = MHomeViewController.swift; sourceTree = "<group>"; };
		5B48A82E2046A04800CA563A /* MChatViewController.swift */ = {isa = PBXFileReference; lastKnownFileType = sourcecode.swift; path = MChatViewController.swift; sourceTree = "<group>"; };
		5B48A8302046A08100CA563A /* MMineViewController.swift */ = {isa = PBXFileReference; lastKnownFileType = sourcecode.swift; path = MMineViewController.swift; sourceTree = "<group>"; };
		5B48A8322046A23200CA563A /* CHomeViewController.swift */ = {isa = PBXFileReference; lastKnownFileType = sourcecode.swift; path = CHomeViewController.swift; sourceTree = "<group>"; };
		5B48A8342046A24200CA563A /* CChatViewController.swift */ = {isa = PBXFileReference; lastKnownFileType = sourcecode.swift; path = CChatViewController.swift; sourceTree = "<group>"; };
		5B48A8362046A24B00CA563A /* CMineViewController.swift */ = {isa = PBXFileReference; lastKnownFileType = sourcecode.swift; path = CMineViewController.swift; sourceTree = "<group>"; };
		5B498E9A2044FEEF0071406C /* DAlibiViewController.swift */ = {isa = PBXFileReference; lastKnownFileType = sourcecode.swift; path = DAlibiViewController.swift; sourceTree = "<group>"; };
		5B498E9C204501440071406C /* PhotoPickerTool.swift */ = {isa = PBXFileReference; fileEncoding = 4; lastKnownFileType = sourcecode.swift; path = PhotoPickerTool.swift; sourceTree = "<group>"; };
		5B498E9E204503DD0071406C /* DAlibiView.swift */ = {isa = PBXFileReference; lastKnownFileType = sourcecode.swift; path = DAlibiView.swift; sourceTree = "<group>"; };
		5B4CFDA0202D3D9F009D44F1 /* Alert.swift */ = {isa = PBXFileReference; fileEncoding = 4; lastKnownFileType = sourcecode.swift; path = Alert.swift; sourceTree = "<group>"; };
		5B4CFDA2202D3D9F009D44F1 /* NavigationController.swift */ = {isa = PBXFileReference; fileEncoding = 4; lastKnownFileType = sourcecode.swift; path = NavigationController.swift; sourceTree = "<group>"; };
		5B4CFDA3202D3D9F009D44F1 /* DTabBarController.swift */ = {isa = PBXFileReference; fileEncoding = 4; lastKnownFileType = sourcecode.swift; path = DTabBarController.swift; sourceTree = "<group>"; };
		5B50E1BC20284EDC00B365C8 /* Constant.swift */ = {isa = PBXFileReference; lastKnownFileType = sourcecode.swift; path = Constant.swift; sourceTree = "<group>"; };
		5B51FAD620293942001AB946 /* DHomeModel.swift */ = {isa = PBXFileReference; lastKnownFileType = sourcecode.swift; path = DHomeModel.swift; sourceTree = "<group>"; };
		5B51FADC20293E5B001AB946 /* DMineViewController.swift */ = {isa = PBXFileReference; lastKnownFileType = sourcecode.swift; path = DMineViewController.swift; sourceTree = "<group>"; };
		5B51FADE20293E65001AB946 /* DChatViewController.swift */ = {isa = PBXFileReference; lastKnownFileType = sourcecode.swift; path = DChatViewController.swift; sourceTree = "<group>"; };
		5B51FAE020293E73001AB946 /* DGrabListViewController.swift */ = {isa = PBXFileReference; lastKnownFileType = sourcecode.swift; path = DGrabListViewController.swift; sourceTree = "<group>"; };
		5B51FAE220293EA6001AB946 /* DHomeViewController.swift */ = {isa = PBXFileReference; lastKnownFileType = sourcecode.swift; path = DHomeViewController.swift; sourceTree = "<group>"; };
		5B51FAEA202947E2001AB946 /* UIViewController.swift */ = {isa = PBXFileReference; fileEncoding = 4; lastKnownFileType = sourcecode.swift; path = UIViewController.swift; sourceTree = "<group>"; };
		5B51FAEB202947E2001AB946 /* UIView.swift */ = {isa = PBXFileReference; fileEncoding = 4; lastKnownFileType = sourcecode.swift; path = UIView.swift; sourceTree = "<group>"; };
		5B51FAEC202947E2001AB946 /* String.swift */ = {isa = PBXFileReference; fileEncoding = 4; lastKnownFileType = sourcecode.swift; path = String.swift; sourceTree = "<group>"; };
		5B51FAED202947E2001AB946 /* UIButton.swift */ = {isa = PBXFileReference; fileEncoding = 4; lastKnownFileType = sourcecode.swift; path = UIButton.swift; sourceTree = "<group>"; };
		5B51FAF3202948AA001AB946 /* HudTool.swift */ = {isa = PBXFileReference; fileEncoding = 4; lastKnownFileType = sourcecode.swift; path = HudTool.swift; sourceTree = "<group>"; };
		5B51FAF5202948AA001AB946 /* WebTool.swift */ = {isa = PBXFileReference; fileEncoding = 4; lastKnownFileType = sourcecode.swift; path = WebTool.swift; sourceTree = "<group>"; };
		5B51FAF6202948AA001AB946 /* AccountTool.swift */ = {isa = PBXFileReference; fileEncoding = 4; lastKnownFileType = sourcecode.swift; path = AccountTool.swift; sourceTree = "<group>"; };
		5B51FAFC20294A1D001AB946 /* CacheTool.swift */ = {isa = PBXFileReference; fileEncoding = 4; lastKnownFileType = sourcecode.swift; path = CacheTool.swift; sourceTree = "<group>"; };
		5B51FAFD20294A1D001AB946 /* ValidateTool.swift */ = {isa = PBXFileReference; fileEncoding = 4; lastKnownFileType = sourcecode.swift; path = ValidateTool.swift; sourceTree = "<group>"; };
		5B6325E9203130C100659725 /* DateTool.swift */ = {isa = PBXFileReference; fileEncoding = 4; lastKnownFileType = sourcecode.swift; path = DateTool.swift; sourceTree = "<group>"; };
		5B6F3F96202BE7C70070818C /* DClockinView.swift */ = {isa = PBXFileReference; lastKnownFileType = sourcecode.swift; path = DClockinView.swift; sourceTree = "<group>"; };
		5B702F3E20412FEB00DB4978 /* CalendarViewController.swift */ = {isa = PBXFileReference; lastKnownFileType = sourcecode.swift; path = CalendarViewController.swift; sourceTree = "<group>"; };
		5B702F402041392100DB4978 /* CalendarView.swift */ = {isa = PBXFileReference; lastKnownFileType = sourcecode.swift; path = CalendarView.swift; sourceTree = "<group>"; };
		5B7CCEC3202808E000C99139 /* XiaoBie.app */ = {isa = PBXFileReference; explicitFileType = wrapper.application; includeInIndex = 0; path = XiaoBie.app; sourceTree = BUILT_PRODUCTS_DIR; };
		5B7CCEC6202808E000C99139 /* AppDelegate.swift */ = {isa = PBXFileReference; lastKnownFileType = sourcecode.swift; path = AppDelegate.swift; sourceTree = "<group>"; };
		5B7CCECD202808E000C99139 /* Assets.xcassets */ = {isa = PBXFileReference; lastKnownFileType = folder.assetcatalog; path = Assets.xcassets; sourceTree = "<group>"; };
		5B9854C42047A6DB00C449C3 /* DToCheckViewController.swift */ = {isa = PBXFileReference; lastKnownFileType = sourcecode.swift; path = DToCheckViewController.swift; sourceTree = "<group>"; };
		5B9854C62047A90D00C449C3 /* DToCheckView.swift */ = {isa = PBXFileReference; lastKnownFileType = sourcecode.swift; path = DToCheckView.swift; sourceTree = "<group>"; };
		5B997822202AC9450005357A /* DClockinViewHandler.swift */ = {isa = PBXFileReference; lastKnownFileType = sourcecode.swift; path = DClockinViewHandler.swift; sourceTree = "<group>"; };
		5B9FDF0E202855FA00F306E9 /* Info.plist */ = {isa = PBXFileReference; fileEncoding = 4; lastKnownFileType = text.plist.xml; path = Info.plist; sourceTree = "<group>"; };
		5B9FDF102028567100F306E9 /* BridgingHeader.h */ = {isa = PBXFileReference; lastKnownFileType = sourcecode.c.h; path = BridgingHeader.h; sourceTree = "<group>"; };
		5BB2AAEB20298DB700AEC5A8 /* UIColor.swift */ = {isa = PBXFileReference; lastKnownFileType = sourcecode.swift; path = UIColor.swift; sourceTree = "<group>"; };
		5BB2AAED20299C7800AEC5A8 /* LoginModel.swift */ = {isa = PBXFileReference; lastKnownFileType = sourcecode.swift; path = LoginModel.swift; sourceTree = "<group>"; };
		5BB2AAEF2029AA1B00AEC5A8 /* DHomeView.swift */ = {isa = PBXFileReference; lastKnownFileType = sourcecode.swift; path = DHomeView.swift; sourceTree = "<group>"; };
		5BB90CF82030345300F6CD9E /* DMyPhoneViewController.swift */ = {isa = PBXFileReference; lastKnownFileType = sourcecode.swift; path = DMyPhoneViewController.swift; sourceTree = "<group>"; };
		5BB90CFB203042F800F6CD9E /* DHomeListViewController.swift */ = {isa = PBXFileReference; lastKnownFileType = sourcecode.swift; path = DHomeListViewController.swift; sourceTree = "<group>"; };
		5BB90CFD2030430F00F6CD9E /* DHomeListView.swift */ = {isa = PBXFileReference; lastKnownFileType = sourcecode.swift; path = DHomeListView.swift; sourceTree = "<group>"; };
		5BDB502B202C1D2C0055C21E /* LoginViewController.swift */ = {isa = PBXFileReference; lastKnownFileType = sourcecode.swift; path = LoginViewController.swift; sourceTree = "<group>"; };
		5BDB502D202C1D570055C21E /* LoginView.swift */ = {isa = PBXFileReference; lastKnownFileType = sourcecode.swift; path = LoginView.swift; sourceTree = "<group>"; };
		5BDB502F202C3B490055C21E /* DMineCell.swift */ = {isa = PBXFileReference; lastKnownFileType = sourcecode.swift; path = DMineCell.swift; sourceTree = "<group>"; };
		5BDB5031202C45F80055C21E /* DMyHeader.swift */ = {isa = PBXFileReference; lastKnownFileType = sourcecode.swift; path = DMyHeader.swift; sourceTree = "<group>"; };
		5BDB5035202C52B90055C21E /* DSetupViewController.swift */ = {isa = PBXFileReference; lastKnownFileType = sourcecode.swift; path = DSetupViewController.swift; sourceTree = "<group>"; };
		5BDB5037202C52DA0055C21E /* DSetupView.swift */ = {isa = PBXFileReference; lastKnownFileType = sourcecode.swift; path = DSetupView.swift; sourceTree = "<group>"; };
		5BF04538203FFD3C003F8CE5 /* DStoreViewController.swift */ = {isa = PBXFileReference; lastKnownFileType = sourcecode.swift; path = DStoreViewController.swift; sourceTree = "<group>"; };
		5BF0453B203FFD56003F8CE5 /* DHistoryViewController.swift */ = {isa = PBXFileReference; lastKnownFileType = sourcecode.swift; path = DHistoryViewController.swift; sourceTree = "<group>"; };
		5BF0453D203FFF3A003F8CE5 /* DHistoryModel.swift */ = {isa = PBXFileReference; lastKnownFileType = sourcecode.swift; path = DHistoryModel.swift; sourceTree = "<group>"; };
		5BF0453F2040020B003F8CE5 /* DHistoryView.swift */ = {isa = PBXFileReference; lastKnownFileType = sourcecode.swift; path = DHistoryView.swift; sourceTree = "<group>"; };
		5BF0454220401085003F8CE5 /* DScanViewController.swift */ = {isa = PBXFileReference; fileEncoding = 4; lastKnownFileType = sourcecode.swift; path = DScanViewController.swift; sourceTree = "<group>"; };
		5BF8F3F8202FD8650031D9D4 /* DGrabViewController.swift */ = {isa = PBXFileReference; lastKnownFileType = sourcecode.swift; path = DGrabViewController.swift; sourceTree = "<group>"; };
		5BF8F404202FDF7F0031D9D4 /* SelectView.swift */ = {isa = PBXFileReference; lastKnownFileType = sourcecode.swift; path = SelectView.swift; sourceTree = "<group>"; };
		5BF8F40620300B4D0031D9D4 /* PageView.swift */ = {isa = PBXFileReference; lastKnownFileType = sourcecode.swift; path = PageView.swift; sourceTree = "<group>"; };
		625C4FCB2912A7B858D2FD7C /* Pods-XiaoBie.release.xcconfig */ = {isa = PBXFileReference; includeInIndex = 1; lastKnownFileType = text.xcconfig; name = "Pods-XiaoBie.release.xcconfig"; path = "Pods/Target Support Files/Pods-XiaoBie/Pods-XiaoBie.release.xcconfig"; sourceTree = "<group>"; };
		D91A1F6D117775FE7772F39B /* Pods_XiaoBie.framework */ = {isa = PBXFileReference; explicitFileType = wrapper.framework; includeInIndex = 0; path = Pods_XiaoBie.framework; sourceTree = BUILT_PRODUCTS_DIR; };
/* End PBXFileReference section */

/* Begin PBXFrameworksBuildPhase section */
		5B7CCEC0202808E000C99139 /* Frameworks */ = {
			isa = PBXFrameworksBuildPhase;
			buildActionMask = 2147483647;
			files = (
				5B0B7EC2202B009C004CCCB8 /* CoreLocation.framework in Frameworks */,
				59F360022B39CFB0D519410A /* Pods_XiaoBie.framework in Frameworks */,
			);
			runOnlyForDeploymentPostprocessing = 0;
		};
/* End PBXFrameworksBuildPhase section */

/* Begin PBXGroup section */
		5B1F891920479C600024B00B /* DClockinView */ = {
			isa = PBXGroup;
			children = (
				5B6F3F96202BE7C70070818C /* DClockinView.swift */,
				5B997822202AC9450005357A /* DClockinViewHandler.swift */,
			);
			path = DClockinView;
			sourceTree = "<group>";
		};
		5B3519A5204408A100CE92E4 /* Money（酬金） */ = {
			isa = PBXGroup;
			children = (
				5B3519A6204408BE00CE92E4 /* DMyMoneyViewController.swift */,
				5B3519A82044091E00CE92E4 /* DMyMoneyView.swift */,
				5B3519AA20440F2600CE92E4 /* DMyMoneyModel.swift */,
			);
			path = "Money（酬金）";
			sourceTree = "<group>";
		};
		5B48A81D204690DB00CA563A /* D（司机） */ = {
			isa = PBXGroup;
			children = (
				5B4CFDA3202D3D9F009D44F1 /* DTabBarController.swift */,
				5B495FEE202839B800CC4B91 /* Home（首页） */,
				5B495FF0202839CE00CC4B91 /* Order（抢单） */,
				5B495FF1202839E900CC4B91 /* Chat（聊天） */,
				5B495FF2202839F700CC4B91 /* Mine（我的） */,
			);
			path = "D（司机）";
			sourceTree = "<group>";
		};
		5B48A81E2046922E00CA563A /* C（做单员） */ = {
			isa = PBXGroup;
			children = (
				5B48A81F2046927900CA563A /* CTabBarController.swift */,
				5B48A82A2046A00700CA563A /* Home（首页） */,
				5B48A8292046A00700CA563A /* Chat（聊天） */,
				5B48A82B2046A00700CA563A /* Mine（我的） */,
			);
			path = "C（做单员）";
			sourceTree = "<group>";
		};
		5B48A821204692A600CA563A /* M（管理员） */ = {
			isa = PBXGroup;
			children = (
				5B48A822204692D200CA563A /* MTabBarController.swift */,
				5B48A82620469F9600CA563A /* Home（首页） */,
				5B48A82720469FA300CA563A /* Chat（聊天） */,
				5B48A82820469FB100CA563A /* Mine（我的） */,
			);
			path = "M（管理员）";
			sourceTree = "<group>";
		};
		5B48A82620469F9600CA563A /* Home（首页） */ = {
			isa = PBXGroup;
			children = (
				5B48A82C2046A02C00CA563A /* MHomeViewController.swift */,
			);
			path = "Home（首页）";
			sourceTree = "<group>";
		};
		5B48A82720469FA300CA563A /* Chat（聊天） */ = {
			isa = PBXGroup;
			children = (
				5B48A82E2046A04800CA563A /* MChatViewController.swift */,
			);
			path = "Chat（聊天）";
			sourceTree = "<group>";
		};
		5B48A82820469FB100CA563A /* Mine（我的） */ = {
			isa = PBXGroup;
			children = (
				5B48A8302046A08100CA563A /* MMineViewController.swift */,
			);
			path = "Mine（我的）";
			sourceTree = "<group>";
		};
		5B48A8292046A00700CA563A /* Chat（聊天） */ = {
			isa = PBXGroup;
			children = (
				5B48A8342046A24200CA563A /* CChatViewController.swift */,
			);
			path = "Chat（聊天）";
			sourceTree = "<group>";
		};
		5B48A82A2046A00700CA563A /* Home（首页） */ = {
			isa = PBXGroup;
			children = (
				5B48A8322046A23200CA563A /* CHomeViewController.swift */,
			);
			path = "Home（首页）";
			sourceTree = "<group>";
		};
		5B48A82B2046A00700CA563A /* Mine（我的） */ = {
			isa = PBXGroup;
			children = (
				5B48A8362046A24B00CA563A /* CMineViewController.swift */,
			);
			path = "Mine（我的）";
			sourceTree = "<group>";
		};
		5B495FEE202839B800CC4B91 /* Home（首页） */ = {
			isa = PBXGroup;
			children = (
				5B6F3F98202C16D00070818C /* 主页面 */,
				5BB90CFA203042D900F6CD9E /* 列表 */,
				5B9854C32047A69600C449C3 /* 待查单 */,
			);
			path = "Home（首页）";
			sourceTree = "<group>";
		};
		5B495FF0202839CE00CC4B91 /* Order（抢单） */ = {
			isa = PBXGroup;
			children = (
				5BF8F403202FDF250031D9D4 /* 主页面 */,
				5BF8F402202FDF070031D9D4 /* 列表 */,
			);
			path = "Order（抢单）";
			sourceTree = "<group>";
		};
		5B495FF1202839E900CC4B91 /* Chat（聊天） */ = {
			isa = PBXGroup;
			children = (
				5B51FADE20293E65001AB946 /* DChatViewController.swift */,
				5B1F89132047967F0024B00B /* DChatView.swift */,
			);
			path = "Chat（聊天）";
			sourceTree = "<group>";
		};
		5B495FF2202839F700CC4B91 /* Mine（我的） */ = {
			isa = PBXGroup;
			children = (
				5B4CFDA9202D47EB009D44F1 /* 主页面 */,
				5BB90CF72030342500F6CD9E /* Phone（领手机） */,
				5B3519A5204408A100CE92E4 /* Money（酬金） */,
				5B498E992044FE890071406C /* Alibi（凭证） */,
				5BDB5034202C52A60055C21E /* Setting（设置） */,
			);
			path = "Mine（我的）";
			sourceTree = "<group>";
		};
		5B495FF320283A5600CC4B91 /* Login（登录） */ = {
			isa = PBXGroup;
			children = (
				5BDB5033202C521A0055C21E /* 主页面 */,
			);
			path = "Login（登录）";
			sourceTree = "<group>";
		};
		5B498E992044FE890071406C /* Alibi（凭证） */ = {
			isa = PBXGroup;
			children = (
				5B498E9A2044FEEF0071406C /* DAlibiViewController.swift */,
				5B498E9E204503DD0071406C /* DAlibiView.swift */,
				5B48A7EF20464C6700CA563A /* DAlibiModel.swift */,
			);
			path = "Alibi（凭证）";
			sourceTree = "<group>";
		};
		5B4CFD9F202D3D9F009D44F1 /* View */ = {
			isa = PBXGroup;
			children = (
				5BF8F40620300B4D0031D9D4 /* PageView.swift */,
				5BF8F404202FDF7F0031D9D4 /* SelectView.swift */,
				5B28CFF2202D7F8100E2DA2F /* BlankView.swift */,
				5B4CFDA0202D3D9F009D44F1 /* Alert.swift */,
			);
			path = View;
			sourceTree = "<group>";
		};
		5B4CFDA1202D3D9F009D44F1 /* Controler */ = {
			isa = PBXGroup;
			children = (
				5BF0454120401085003F8CE5 /* scan（扫描） */,
				5B702F3D20412FD000DB4978 /* calendar（日历） */,
				5B48A81B2046814000CA563A /* MainViewController.swift */,
				5B4CFDA2202D3D9F009D44F1 /* NavigationController.swift */,
			);
			path = Controler;
			sourceTree = "<group>";
		};
		5B4CFDA9202D47EB009D44F1 /* 主页面 */ = {
			isa = PBXGroup;
			children = (
				5B51FADC20293E5B001AB946 /* DMineViewController.swift */,
				5BDB502F202C3B490055C21E /* DMineCell.swift */,
				5BDB5031202C45F80055C21E /* DMyHeader.swift */,
			);
			path = "主页面";
			sourceTree = "<group>";
		};
		5B51FAD820293D0E001AB946 /* Global（全局） */ = {
			isa = PBXGroup;
			children = (
				5B4CFDA1202D3D9F009D44F1 /* Controler */,
				5B4CFD9F202D3D9F009D44F1 /* View */,
			);
			path = "Global（全局）";
			sourceTree = "<group>";
		};
		5B51FAE6202944E4001AB946 /* Tool（工具） */ = {
			isa = PBXGroup;
			children = (
				5B498E9C204501440071406C /* PhotoPickerTool.swift */,
				5B6325E9203130C100659725 /* DateTool.swift */,
				5B51FAFC20294A1D001AB946 /* CacheTool.swift */,
				5B0B7EC3202B03DB004CCCB8 /* LocationTool.swift */,
				5B51FAFD20294A1D001AB946 /* ValidateTool.swift */,
				5B51FAF6202948AA001AB946 /* AccountTool.swift */,
				5B51FAF3202948AA001AB946 /* HudTool.swift */,
				5B51FAF5202948AA001AB946 /* WebTool.swift */,
			);
			path = "Tool（工具）";
			sourceTree = "<group>";
		};
		5B51FAE9202947E2001AB946 /* Extension（扩展） */ = {
			isa = PBXGroup;
			children = (
				5B51FAEA202947E2001AB946 /* UIViewController.swift */,
				5B51FAEB202947E2001AB946 /* UIView.swift */,
				5B51FAEC202947E2001AB946 /* String.swift */,
				5B51FAED202947E2001AB946 /* UIButton.swift */,
				5BB2AAEB20298DB700AEC5A8 /* UIColor.swift */,
			);
			name = "Extension（扩展）";
			path = "XiaoBie/Extension（扩展）";
			sourceTree = SOURCE_ROOT;
		};
		5B6F3F98202C16D00070818C /* 主页面 */ = {
			isa = PBXGroup;
			children = (
				5B51FAE220293EA6001AB946 /* DHomeViewController.swift */,
				5B51FAD620293942001AB946 /* DHomeModel.swift */,
				5BB2AAEF2029AA1B00AEC5A8 /* DHomeView.swift */,
				5B1F891920479C600024B00B /* DClockinView */,
			);
			path = "主页面";
			sourceTree = "<group>";
		};
		5B702F3D20412FD000DB4978 /* calendar（日历） */ = {
			isa = PBXGroup;
			children = (
				5B702F3E20412FEB00DB4978 /* CalendarViewController.swift */,
				5B702F402041392100DB4978 /* CalendarView.swift */,
			);
			path = "calendar（日历）";
			sourceTree = "<group>";
		};
		5B7CCEBA202808E000C99139 = {
			isa = PBXGroup;
			children = (
				5B7CCEC5202808E000C99139 /* XiaoBie */,
				5B7CCEC4202808E000C99139 /* Products */,
				78000C48D14F8EB68F31A887 /* Pods */,
				F5EB2AEA65FA28B7BF35117C /* Frameworks */,
			);
			sourceTree = "<group>";
		};
		5B7CCEC4202808E000C99139 /* Products */ = {
			isa = PBXGroup;
			children = (
				5B7CCEC3202808E000C99139 /* XiaoBie.app */,
			);
			name = Products;
			sourceTree = "<group>";
		};
		5B7CCEC5202808E000C99139 /* XiaoBie */ = {
			isa = PBXGroup;
			children = (
				5B48A81D204690DB00CA563A /* D（司机） */,
				5B48A821204692A600CA563A /* M（管理员） */,
				5B48A81E2046922E00CA563A /* C（做单员） */,
				5B495FF320283A5600CC4B91 /* Login（登录） */,
				5B51FAE6202944E4001AB946 /* Tool（工具） */,
				5B51FAE9202947E2001AB946 /* Extension（扩展） */,
				5B51FAD820293D0E001AB946 /* Global（全局） */,
				5B9FDF0C202855FA00F306E9 /* Supporting File */,
				5B7CCEC6202808E000C99139 /* AppDelegate.swift */,
				5B50E1BC20284EDC00B365C8 /* Constant.swift */,
				5B7CCECD202808E000C99139 /* Assets.xcassets */,
			);
			path = XiaoBie;
			sourceTree = "<group>";
		};
		5B9854C32047A69600C449C3 /* 待查单 */ = {
			isa = PBXGroup;
			children = (
				5B9854C42047A6DB00C449C3 /* DToCheckViewController.swift */,
				5B9854C62047A90D00C449C3 /* DToCheckView.swift */,
			);
			path = "待查单";
			sourceTree = "<group>";
		};
		5B9FDF0C202855FA00F306E9 /* Supporting File */ = {
			isa = PBXGroup;
			children = (
				5B9FDF102028567100F306E9 /* BridgingHeader.h */,
				5B9FDF0E202855FA00F306E9 /* Info.plist */,
			);
			path = "Supporting File";
			sourceTree = "<group>";
		};
		5BB90CF62030341300F6CD9E /* 主页面 */ = {
			isa = PBXGroup;
			children = (
				5BDB5035202C52B90055C21E /* DSetupViewController.swift */,
				5BDB5037202C52DA0055C21E /* DSetupView.swift */,
			);
			path = "主页面";
			sourceTree = "<group>";
		};
		5BB90CF72030342500F6CD9E /* Phone（领手机） */ = {
			isa = PBXGroup;
			children = (
				5BF04536203FFCEE003F8CE5 /* 主页面 */,
				5BF04537203FFCFB003F8CE5 /* Store（库存） */,
				5BF0453A203FFD44003F8CE5 /* History（历史） */,
			);
			path = "Phone（领手机）";
			sourceTree = "<group>";
		};
		5BB90CFA203042D900F6CD9E /* 列表 */ = {
			isa = PBXGroup;
			children = (
				5BB90CFB203042F800F6CD9E /* DHomeListViewController.swift */,
				5BB90CFD2030430F00F6CD9E /* DHomeListView.swift */,
			);
			path = "列表";
			sourceTree = "<group>";
		};
		5BDB5033202C521A0055C21E /* 主页面 */ = {
			isa = PBXGroup;
			children = (
				5BB2AAED20299C7800AEC5A8 /* LoginModel.swift */,
				5BDB502B202C1D2C0055C21E /* LoginViewController.swift */,
				5BDB502D202C1D570055C21E /* LoginView.swift */,
			);
			path = "主页面";
			sourceTree = "<group>";
		};
		5BDB5034202C52A60055C21E /* Setting（设置） */ = {
			isa = PBXGroup;
			children = (
				5BB90CF62030341300F6CD9E /* 主页面 */,
			);
			path = "Setting（设置）";
			sourceTree = "<group>";
		};
		5BF04536203FFCEE003F8CE5 /* 主页面 */ = {
			isa = PBXGroup;
			children = (
				5BB90CF82030345300F6CD9E /* DMyPhoneViewController.swift */,
			);
			path = "主页面";
			sourceTree = "<group>";
		};
		5BF04537203FFCFB003F8CE5 /* Store（库存） */ = {
			isa = PBXGroup;
			children = (
				5BF04538203FFD3C003F8CE5 /* DStoreViewController.swift */,
			);
			path = "Store（库存）";
			sourceTree = "<group>";
		};
		5BF0453A203FFD44003F8CE5 /* History（历史） */ = {
			isa = PBXGroup;
			children = (
				5BF0453B203FFD56003F8CE5 /* DHistoryViewController.swift */,
				5BF0453F2040020B003F8CE5 /* DHistoryView.swift */,
				5BF0453D203FFF3A003F8CE5 /* DHistoryModel.swift */,
			);
			path = "History（历史）";
			sourceTree = "<group>";
		};
		5BF0454120401085003F8CE5 /* scan（扫描） */ = {
			isa = PBXGroup;
			children = (
				5BF0454220401085003F8CE5 /* DScanViewController.swift */,
			);
			path = "scan（扫描）";
			sourceTree = "<group>";
		};
		5BF8F402202FDF070031D9D4 /* 列表 */ = {
			isa = PBXGroup;
			children = (
				5B51FAE020293E73001AB946 /* DGrabListViewController.swift */,
				5B28CFE9202D750B00E2DA2F /* DGrabListView.swift */,
				5B28CFEB202D7C1C00E2DA2F /* DGrabModel.swift */,
			);
			path = "列表";
			sourceTree = "<group>";
		};
		5BF8F403202FDF250031D9D4 /* 主页面 */ = {
			isa = PBXGroup;
			children = (
				5BF8F3F8202FD8650031D9D4 /* DGrabViewController.swift */,
			);
			path = "主页面";
			sourceTree = "<group>";
		};
		78000C48D14F8EB68F31A887 /* Pods */ = {
			isa = PBXGroup;
			children = (
				25AF6A062379FF2A666E12F7 /* Pods-XiaoBie.debug.xcconfig */,
				625C4FCB2912A7B858D2FD7C /* Pods-XiaoBie.release.xcconfig */,
			);
			name = Pods;
			sourceTree = "<group>";
		};
		F5EB2AEA65FA28B7BF35117C /* Frameworks */ = {
			isa = PBXGroup;
			children = (
				5B0B7EC1202B009C004CCCB8 /* CoreLocation.framework */,
				D91A1F6D117775FE7772F39B /* Pods_XiaoBie.framework */,
			);
			name = Frameworks;
			sourceTree = "<group>";
		};
/* End PBXGroup section */

/* Begin PBXNativeTarget section */
		5B7CCEC2202808E000C99139 /* XiaoBie */ = {
			isa = PBXNativeTarget;
			buildConfigurationList = 5B7CCED5202808E000C99139 /* Build configuration list for PBXNativeTarget "XiaoBie" */;
			buildPhases = (
				5E22B7E4848DBCFE55F9AFEA /* [CP] Check Pods Manifest.lock */,
				5B7CCEBF202808E000C99139 /* Sources */,
				5B7CCEC0202808E000C99139 /* Frameworks */,
				5B7CCEC1202808E000C99139 /* Resources */,
				F8572AAF847C230D27960184 /* [CP] Embed Pods Frameworks */,
				309C668C4EFBD70BD2FC329E /* [CP] Copy Pods Resources */,
			);
			buildRules = (
			);
			dependencies = (
			);
			name = XiaoBie;
			productName = XiaoBie;
			productReference = 5B7CCEC3202808E000C99139 /* XiaoBie.app */;
			productType = "com.apple.product-type.application";
		};
/* End PBXNativeTarget section */

/* Begin PBXProject section */
		5B7CCEBB202808E000C99139 /* Project object */ = {
			isa = PBXProject;
			attributes = {
				LastSwiftUpdateCheck = 0920;
				LastUpgradeCheck = 0920;
				ORGANIZATIONNAME = wenwenwenwu;
				TargetAttributes = {
					5B7CCEC2202808E000C99139 = {
						CreatedOnToolsVersion = 9.2;
						ProvisioningStyle = Automatic;
					};
				};
			};
			buildConfigurationList = 5B7CCEBE202808E000C99139 /* Build configuration list for PBXProject "XiaoBie" */;
			compatibilityVersion = "Xcode 8.0";
			developmentRegion = en;
			hasScannedForEncodings = 0;
			knownRegions = (
				en,
				Base,
			);
			mainGroup = 5B7CCEBA202808E000C99139;
			productRefGroup = 5B7CCEC4202808E000C99139 /* Products */;
			projectDirPath = "";
			projectRoot = "";
			targets = (
				5B7CCEC2202808E000C99139 /* XiaoBie */,
			);
		};
/* End PBXProject section */

/* Begin PBXResourcesBuildPhase section */
		5B7CCEC1202808E000C99139 /* Resources */ = {
			isa = PBXResourcesBuildPhase;
			buildActionMask = 2147483647;
			files = (
				5B7CCECE202808E000C99139 /* Assets.xcassets in Resources */,
			);
			runOnlyForDeploymentPostprocessing = 0;
		};
/* End PBXResourcesBuildPhase section */

/* Begin PBXShellScriptBuildPhase section */
		309C668C4EFBD70BD2FC329E /* [CP] Copy Pods Resources */ = {
			isa = PBXShellScriptBuildPhase;
			buildActionMask = 2147483647;
			files = (
			);
			inputPaths = (
			);
			name = "[CP] Copy Pods Resources";
			outputPaths = (
			);
			runOnlyForDeploymentPostprocessing = 0;
			shellPath = /bin/sh;
			shellScript = "\"${SRCROOT}/Pods/Target Support Files/Pods-XiaoBie/Pods-XiaoBie-resources.sh\"\n";
			showEnvVarsInLog = 0;
		};
		5E22B7E4848DBCFE55F9AFEA /* [CP] Check Pods Manifest.lock */ = {
			isa = PBXShellScriptBuildPhase;
			buildActionMask = 2147483647;
			files = (
			);
			inputPaths = (
			);
			name = "[CP] Check Pods Manifest.lock";
			outputPaths = (
			);
			runOnlyForDeploymentPostprocessing = 0;
			shellPath = /bin/sh;
			shellScript = "diff \"${PODS_PODFILE_DIR_PATH}/Podfile.lock\" \"${PODS_ROOT}/Manifest.lock\" > /dev/null\nif [ $? != 0 ] ; then\n    # print error to STDERR\n    echo \"error: The sandbox is not in sync with the Podfile.lock. Run 'pod install' or update your CocoaPods installation.\" >&2\n    exit 1\nfi\n";
			showEnvVarsInLog = 0;
		};
		F8572AAF847C230D27960184 /* [CP] Embed Pods Frameworks */ = {
			isa = PBXShellScriptBuildPhase;
			buildActionMask = 2147483647;
			files = (
			);
			inputPaths = (
			);
			name = "[CP] Embed Pods Frameworks";
			outputPaths = (
			);
			runOnlyForDeploymentPostprocessing = 0;
			shellPath = /bin/sh;
			shellScript = "\"${SRCROOT}/Pods/Target Support Files/Pods-XiaoBie/Pods-XiaoBie-frameworks.sh\"\n";
			showEnvVarsInLog = 0;
		};
/* End PBXShellScriptBuildPhase section */

/* Begin PBXSourcesBuildPhase section */
		5B7CCEBF202808E000C99139 /* Sources */ = {
			isa = PBXSourcesBuildPhase;
			buildActionMask = 2147483647;
			files = (
				5B48A82F2046A04800CA563A /* MChatViewController.swift in Sources */,
				5B702F3F20412FEB00DB4978 /* CalendarViewController.swift in Sources */,
				5B6F3F97202BE7C70070818C /* DClockinView.swift in Sources */,
				5B4CFDA6202D3D9F009D44F1 /* DTabBarController.swift in Sources */,
				5B51FAD720293942001AB946 /* DHomeModel.swift in Sources */,
				5BB2AAEE20299C7800AEC5A8 /* LoginModel.swift in Sources */,
				5B51FAF0202947E2001AB946 /* String.swift in Sources */,
				5BDB5036202C52B90055C21E /* DSetupViewController.swift in Sources */,
				5B28CFF3202D7F8100E2DA2F /* BlankView.swift in Sources */,
				5B48A8332046A23200CA563A /* CHomeViewController.swift in Sources */,
				5B1F89142047967F0024B00B /* DChatView.swift in Sources */,
				5BB2AAEC20298DB700AEC5A8 /* UIColor.swift in Sources */,
				5B3519A92044091E00CE92E4 /* DMyMoneyView.swift in Sources */,
				5B7CCEC7202808E000C99139 /* AppDelegate.swift in Sources */,
				5BDB5038202C52DA0055C21E /* DSetupView.swift in Sources */,
				5B9854C52047A6DB00C449C3 /* DToCheckViewController.swift in Sources */,
				5B48A81C2046814000CA563A /* MainViewController.swift in Sources */,
				5B51FADF20293E65001AB946 /* DChatViewController.swift in Sources */,
				5BF0453E203FFF3A003F8CE5 /* DHistoryModel.swift in Sources */,
				5B48A8352046A24200CA563A /* CChatViewController.swift in Sources */,
				5B6325EA203130C100659725 /* DateTool.swift in Sources */,
				5BB90CFC203042F800F6CD9E /* DHomeListViewController.swift in Sources */,
				5B498E9D204501440071406C /* PhotoPickerTool.swift in Sources */,
				5BDB502E202C1D570055C21E /* LoginView.swift in Sources */,
				5B51FAE320293EA6001AB946 /* DHomeViewController.swift in Sources */,
				5BDB5030202C3B490055C21E /* DMineCell.swift in Sources */,
				5B997823202AC9450005357A /* DClockinViewHandler.swift in Sources */,
				5B51FAEE202947E2001AB946 /* UIViewController.swift in Sources */,
				5BB2AAF02029AA1B00AEC5A8 /* DHomeView.swift in Sources */,
				5B48A8202046927900CA563A /* CTabBarController.swift in Sources */,
				5BDB5032202C45F80055C21E /* DMyHeader.swift in Sources */,
				5B48A82D2046A02C00CA563A /* MHomeViewController.swift in Sources */,
				5BF0454320401085003F8CE5 /* DScanViewController.swift in Sources */,
				5B51FAF8202948AA001AB946 /* HudTool.swift in Sources */,
				5B28CFEA202D750B00E2DA2F /* DGrabListView.swift in Sources */,
				5B4CFDA4202D3D9F009D44F1 /* Alert.swift in Sources */,
				5B48A823204692D200CA563A /* MTabBarController.swift in Sources */,
				5B0B7EC4202B03DB004CCCB8 /* LocationTool.swift in Sources */,
				5B51FAF1202947E2001AB946 /* UIButton.swift in Sources */,
				5B51FAFA202948AA001AB946 /* WebTool.swift in Sources */,
				5BF0453C203FFD56003F8CE5 /* DHistoryViewController.swift in Sources */,
				5B4CFDA5202D3D9F009D44F1 /* NavigationController.swift in Sources */,
				5B48A7F020464C6700CA563A /* DAlibiModel.swift in Sources */,
				5BF8F3F9202FD8650031D9D4 /* DGrabViewController.swift in Sources */,
				5B51FAFF20294A1D001AB946 /* ValidateTool.swift in Sources */,
				5B9854C72047A90D00C449C3 /* DToCheckView.swift in Sources */,
				5B51FAEF202947E2001AB946 /* UIView.swift in Sources */,
				5B50E1BD20284EDC00B365C8 /* Constant.swift in Sources */,
				5B51FAFE20294A1D001AB946 /* CacheTool.swift in Sources */,
				5B3519A7204408BE00CE92E4 /* DMyMoneyViewController.swift in Sources */,
				5B51FADD20293E5B001AB946 /* DMineViewController.swift in Sources */,
				5B3519AB20440F2600CE92E4 /* DMyMoneyModel.swift in Sources */,
				5B51FAFB202948AA001AB946 /* AccountTool.swift in Sources */,
				5BF04539203FFD3C003F8CE5 /* DStoreViewController.swift in Sources */,
				5B48A8312046A08100CA563A /* MMineViewController.swift in Sources */,
				5B498E9F204503DD0071406C /* DAlibiView.swift in Sources */,
				5BF045402040020B003F8CE5 /* DHistoryView.swift in Sources */,
				5BB90CFE2030430F00F6CD9E /* DHomeListView.swift in Sources */,
				5BDB502C202C1D2C0055C21E /* LoginViewController.swift in Sources */,
				5B702F412041392100DB4978 /* CalendarView.swift in Sources */,
				5BF8F405202FDF7F0031D9D4 /* SelectView.swift in Sources */,
				5B498E9B2044FEEF0071406C /* DAlibiViewController.swift in Sources */,
				5B51FAE120293E73001AB946 /* DGrabListViewController.swift in Sources */,
				5BB90CF92030345300F6CD9E /* DMyPhoneViewController.swift in Sources */,
				5BF8F40720300B4D0031D9D4 /* PageView.swift in Sources */,
				5B28CFEC202D7C1C00E2DA2F /* DGrabModel.swift in Sources */,
				5B48A8372046A24B00CA563A /* CMineViewController.swift in Sources */,
			);
			runOnlyForDeploymentPostprocessing = 0;
		};
/* End PBXSourcesBuildPhase section */

/* Begin XCBuildConfiguration section */
		5B7CCED3202808E000C99139 /* Debug */ = {
			isa = XCBuildConfiguration;
			buildSettings = {
				ALWAYS_SEARCH_USER_PATHS = NO;
				CLANG_ANALYZER_NONNULL = YES;
				CLANG_ANALYZER_NUMBER_OBJECT_CONVERSION = YES_AGGRESSIVE;
				CLANG_CXX_LANGUAGE_STANDARD = "gnu++14";
				CLANG_CXX_LIBRARY = "libc++";
				CLANG_ENABLE_MODULES = YES;
				CLANG_ENABLE_OBJC_ARC = YES;
				CLANG_WARN_BLOCK_CAPTURE_AUTORELEASING = YES;
				CLANG_WARN_BOOL_CONVERSION = YES;
				CLANG_WARN_COMMA = YES;
				CLANG_WARN_CONSTANT_CONVERSION = YES;
				CLANG_WARN_DIRECT_OBJC_ISA_USAGE = YES_ERROR;
				CLANG_WARN_DOCUMENTATION_COMMENTS = YES;
				CLANG_WARN_EMPTY_BODY = YES;
				CLANG_WARN_ENUM_CONVERSION = YES;
				CLANG_WARN_INFINITE_RECURSION = YES;
				CLANG_WARN_INT_CONVERSION = YES;
				CLANG_WARN_NON_LITERAL_NULL_CONVERSION = YES;
				CLANG_WARN_OBJC_LITERAL_CONVERSION = YES;
				CLANG_WARN_OBJC_ROOT_CLASS = YES_ERROR;
				CLANG_WARN_RANGE_LOOP_ANALYSIS = YES;
				CLANG_WARN_STRICT_PROTOTYPES = YES;
				CLANG_WARN_SUSPICIOUS_MOVE = YES;
				CLANG_WARN_UNGUARDED_AVAILABILITY = YES_AGGRESSIVE;
				CLANG_WARN_UNREACHABLE_CODE = YES;
				CLANG_WARN__DUPLICATE_METHOD_MATCH = YES;
				CODE_SIGN_IDENTITY = "iPhone Developer";
				COPY_PHASE_STRIP = NO;
				DEBUG_INFORMATION_FORMAT = dwarf;
				ENABLE_STRICT_OBJC_MSGSEND = YES;
				ENABLE_TESTABILITY = YES;
				GCC_C_LANGUAGE_STANDARD = gnu11;
				GCC_DYNAMIC_NO_PIC = NO;
				GCC_NO_COMMON_BLOCKS = YES;
				GCC_OPTIMIZATION_LEVEL = 0;
				GCC_PREPROCESSOR_DEFINITIONS = (
					"DEBUG=1",
					"$(inherited)",
				);
				GCC_WARN_64_TO_32_BIT_CONVERSION = YES;
				GCC_WARN_ABOUT_RETURN_TYPE = YES_ERROR;
				GCC_WARN_UNDECLARED_SELECTOR = YES;
				GCC_WARN_UNINITIALIZED_AUTOS = YES_AGGRESSIVE;
				GCC_WARN_UNUSED_FUNCTION = YES;
				GCC_WARN_UNUSED_VARIABLE = YES;
				IPHONEOS_DEPLOYMENT_TARGET = 9.0;
				MTL_ENABLE_DEBUG_INFO = YES;
				ONLY_ACTIVE_ARCH = YES;
				SDKROOT = iphoneos;
				SWIFT_ACTIVE_COMPILATION_CONDITIONS = DEBUG;
				SWIFT_OPTIMIZATION_LEVEL = "-Onone";
				SWIFT_VERSION = 4.0;
			};
			name = Debug;
		};
		5B7CCED4202808E000C99139 /* Release */ = {
			isa = XCBuildConfiguration;
			buildSettings = {
				ALWAYS_SEARCH_USER_PATHS = NO;
				CLANG_ANALYZER_NONNULL = YES;
				CLANG_ANALYZER_NUMBER_OBJECT_CONVERSION = YES_AGGRESSIVE;
				CLANG_CXX_LANGUAGE_STANDARD = "gnu++14";
				CLANG_CXX_LIBRARY = "libc++";
				CLANG_ENABLE_MODULES = YES;
				CLANG_ENABLE_OBJC_ARC = YES;
				CLANG_WARN_BLOCK_CAPTURE_AUTORELEASING = YES;
				CLANG_WARN_BOOL_CONVERSION = YES;
				CLANG_WARN_COMMA = YES;
				CLANG_WARN_CONSTANT_CONVERSION = YES;
				CLANG_WARN_DIRECT_OBJC_ISA_USAGE = YES_ERROR;
				CLANG_WARN_DOCUMENTATION_COMMENTS = YES;
				CLANG_WARN_EMPTY_BODY = YES;
				CLANG_WARN_ENUM_CONVERSION = YES;
				CLANG_WARN_INFINITE_RECURSION = YES;
				CLANG_WARN_INT_CONVERSION = YES;
				CLANG_WARN_NON_LITERAL_NULL_CONVERSION = YES;
				CLANG_WARN_OBJC_LITERAL_CONVERSION = YES;
				CLANG_WARN_OBJC_ROOT_CLASS = YES_ERROR;
				CLANG_WARN_RANGE_LOOP_ANALYSIS = YES;
				CLANG_WARN_STRICT_PROTOTYPES = YES;
				CLANG_WARN_SUSPICIOUS_MOVE = YES;
				CLANG_WARN_UNGUARDED_AVAILABILITY = YES_AGGRESSIVE;
				CLANG_WARN_UNREACHABLE_CODE = YES;
				CLANG_WARN__DUPLICATE_METHOD_MATCH = YES;
				CODE_SIGN_IDENTITY = "iPhone Developer";
				COPY_PHASE_STRIP = NO;
				DEBUG_INFORMATION_FORMAT = "dwarf-with-dsym";
				ENABLE_NS_ASSERTIONS = NO;
				ENABLE_STRICT_OBJC_MSGSEND = YES;
				GCC_C_LANGUAGE_STANDARD = gnu11;
				GCC_NO_COMMON_BLOCKS = YES;
				GCC_WARN_64_TO_32_BIT_CONVERSION = YES;
				GCC_WARN_ABOUT_RETURN_TYPE = YES_ERROR;
				GCC_WARN_UNDECLARED_SELECTOR = YES;
				GCC_WARN_UNINITIALIZED_AUTOS = YES_AGGRESSIVE;
				GCC_WARN_UNUSED_FUNCTION = YES;
				GCC_WARN_UNUSED_VARIABLE = YES;
				IPHONEOS_DEPLOYMENT_TARGET = 9.0;
				MTL_ENABLE_DEBUG_INFO = NO;
				SDKROOT = iphoneos;
				SWIFT_OPTIMIZATION_LEVEL = "-Owholemodule";
				SWIFT_VERSION = 4.0;
				VALIDATE_PRODUCT = YES;
			};
			name = Release;
		};
		5B7CCED6202808E000C99139 /* Debug */ = {
			isa = XCBuildConfiguration;
			baseConfigurationReference = 25AF6A062379FF2A666E12F7 /* Pods-XiaoBie.debug.xcconfig */;
			buildSettings = {
				ASSETCATALOG_COMPILER_APPICON_NAME = AppIcon;
				ASSETCATALOG_COMPILER_LAUNCHIMAGE_NAME = LaunchImage;
				"CODE_SIGN_IDENTITY[sdk=iphoneos*]" = "iPhone Developer";
				CODE_SIGN_STYLE = Automatic;
				DEVELOPMENT_TEAM = MPXR757EXU;
				GCC_PRECOMPILE_PREFIX_HEADER = YES;
				GCC_PREFIX_HEADER = "/Users/wuwenwen/Documents/XiaoBie/XiaoBie/XiaoBie/Supporting File/BridgingHeader.h";
				INFOPLIST_FILE = "$(SRCROOT)/XiaoBie/Supporting File/Info.plist";
				IPHONEOS_DEPLOYMENT_TARGET = 9.0;
				LD_RUNPATH_SEARCH_PATHS = "$(inherited) @executable_path/Frameworks";
				PRODUCT_BUNDLE_IDENTIFIER = com.mukitech.XiaoBie;
				PRODUCT_NAME = "$(TARGET_NAME)";
				PROVISIONING_PROFILE_SPECIFIER = "";
				SWIFT_OBJC_BRIDGING_HEADER = "$(SRCROOT)/XiaoBie/Supporting File/BridgingHeader.h";
				SWIFT_VERSION = 4.0;
				TARGETED_DEVICE_FAMILY = 1;
			};
			name = Debug;
		};
		5B7CCED7202808E000C99139 /* Release */ = {
			isa = XCBuildConfiguration;
			baseConfigurationReference = 625C4FCB2912A7B858D2FD7C /* Pods-XiaoBie.release.xcconfig */;
			buildSettings = {
				ASSETCATALOG_COMPILER_APPICON_NAME = AppIcon;
				ASSETCATALOG_COMPILER_LAUNCHIMAGE_NAME = LaunchImage;
				"CODE_SIGN_IDENTITY[sdk=iphoneos*]" = "iPhone Developer";
				CODE_SIGN_STYLE = Automatic;
				DEVELOPMENT_TEAM = MPXR757EXU;
				GCC_PRECOMPILE_PREFIX_HEADER = YES;
				GCC_PREFIX_HEADER = "/Users/wuwenwen/Documents/XiaoBie/XiaoBie/XiaoBie/Supporting File/BridgingHeader.h";
				INFOPLIST_FILE = "$(SRCROOT)/XiaoBie/Supporting File/Info.plist";
				IPHONEOS_DEPLOYMENT_TARGET = 9.0;
				LD_RUNPATH_SEARCH_PATHS = "$(inherited) @executable_path/Frameworks";
				PRODUCT_BUNDLE_IDENTIFIER = com.mukitech.XiaoBie;
				PRODUCT_NAME = "$(TARGET_NAME)";
				PROVISIONING_PROFILE_SPECIFIER = "";
				SWIFT_OBJC_BRIDGING_HEADER = "$(SRCROOT)/XiaoBie/Supporting File/BridgingHeader.h";
				SWIFT_VERSION = 4.0;
				TARGETED_DEVICE_FAMILY = 1;
			};
			name = Release;
		};
/* End XCBuildConfiguration section */

/* Begin XCConfigurationList section */
		5B7CCEBE202808E000C99139 /* Build configuration list for PBXProject "XiaoBie" */ = {
			isa = XCConfigurationList;
			buildConfigurations = (
				5B7CCED3202808E000C99139 /* Debug */,
				5B7CCED4202808E000C99139 /* Release */,
			);
			defaultConfigurationIsVisible = 0;
			defaultConfigurationName = Release;
		};
		5B7CCED5202808E000C99139 /* Build configuration list for PBXNativeTarget "XiaoBie" */ = {
			isa = XCConfigurationList;
			buildConfigurations = (
				5B7CCED6202808E000C99139 /* Debug */,
				5B7CCED7202808E000C99139 /* Release */,
			);
			defaultConfigurationIsVisible = 0;
			defaultConfigurationName = Release;
		};
/* End XCConfigurationList section */
	};
	rootObject = 5B7CCEBB202808E000C99139 /* Project object */;
}
