// !$*UTF8*$!
{
	archiveVersion = 1;
	classes = {
	};
	objectVersion = 48;
	objects = {

/* Begin PBXBuildFile section */
		59F360022B39CFB0D519410A /* Pods_XiaoBie.framework in Frameworks */ = {isa = PBXBuildFile; fileRef = D91A1F6D117775FE7772F39B /* Pods_XiaoBie.framework */; };
		5B50E1BD20284EDC00B365C8 /* Constant.swift in Sources */ = {isa = PBXBuildFile; fileRef = 5B50E1BC20284EDC00B365C8 /* Constant.swift */; };
		5B51FAD720293942001AB946 /* HateResponseModel.swift in Sources */ = {isa = PBXBuildFile; fileRef = 5B51FAD620293942001AB946 /* HateResponseModel.swift */; };
		5B51FADB20293D4B001AB946 /* TabBarController.swift in Sources */ = {isa = PBXBuildFile; fileRef = 5B51FADA20293D4B001AB946 /* TabBarController.swift */; };
		5B51FADD20293E5B001AB946 /* MineViewController.swift in Sources */ = {isa = PBXBuildFile; fileRef = 5B51FADC20293E5B001AB946 /* MineViewController.swift */; };
		5B51FADF20293E65001AB946 /* ChatViewController.swift in Sources */ = {isa = PBXBuildFile; fileRef = 5B51FADE20293E65001AB946 /* ChatViewController.swift */; };
		5B51FAE120293E73001AB946 /* OrderViewController.swift in Sources */ = {isa = PBXBuildFile; fileRef = 5B51FAE020293E73001AB946 /* OrderViewController.swift */; };
		5B51FAE320293EA6001AB946 /* HomeViewController.swift in Sources */ = {isa = PBXBuildFile; fileRef = 5B51FAE220293EA6001AB946 /* HomeViewController.swift */; };
		5B51FAE520294441001AB946 /* NavigationController.swift in Sources */ = {isa = PBXBuildFile; fileRef = 5B51FAE420294441001AB946 /* NavigationController.swift */; };
		5B51FAE8202944FE001AB946 /* MiniTools.swift in Sources */ = {isa = PBXBuildFile; fileRef = 5B51FAE7202944FE001AB946 /* MiniTools.swift */; };
		5B51FAEE202947E2001AB946 /* ViewController.swift in Sources */ = {isa = PBXBuildFile; fileRef = 5B51FAEA202947E2001AB946 /* ViewController.swift */; };
		5B51FAEF202947E2001AB946 /* View.swift in Sources */ = {isa = PBXBuildFile; fileRef = 5B51FAEB202947E2001AB946 /* View.swift */; };
		5B51FAF0202947E2001AB946 /* String.swift in Sources */ = {isa = PBXBuildFile; fileRef = 5B51FAEC202947E2001AB946 /* String.swift */; };
		5B51FAF1202947E2001AB946 /* Button.swift in Sources */ = {isa = PBXBuildFile; fileRef = 5B51FAED202947E2001AB946 /* Button.swift */; };
		5B51FAF7202948AA001AB946 /* PhotoPickerHandler.swift in Sources */ = {isa = PBXBuildFile; fileRef = 5B51FAF2202948AA001AB946 /* PhotoPickerHandler.swift */; };
		5B51FAF8202948AA001AB946 /* HudTool.swift in Sources */ = {isa = PBXBuildFile; fileRef = 5B51FAF3202948AA001AB946 /* HudTool.swift */; };
		5B51FAFA202948AA001AB946 /* WebTool.swift in Sources */ = {isa = PBXBuildFile; fileRef = 5B51FAF5202948AA001AB946 /* WebTool.swift */; };
		5B51FAFB202948AA001AB946 /* AccountTool.swift in Sources */ = {isa = PBXBuildFile; fileRef = 5B51FAF6202948AA001AB946 /* AccountTool.swift */; };
		5B51FAFE20294A1D001AB946 /* CacheTool.swift in Sources */ = {isa = PBXBuildFile; fileRef = 5B51FAFC20294A1D001AB946 /* CacheTool.swift */; };
		5B51FAFF20294A1D001AB946 /* ValidateTool.swift in Sources */ = {isa = PBXBuildFile; fileRef = 5B51FAFD20294A1D001AB946 /* ValidateTool.swift */; };
		5B7CCEC7202808E000C99139 /* AppDelegate.swift in Sources */ = {isa = PBXBuildFile; fileRef = 5B7CCEC6202808E000C99139 /* AppDelegate.swift */; };
		5B7CCECE202808E000C99139 /* Assets.xcassets in Resources */ = {isa = PBXBuildFile; fileRef = 5B7CCECD202808E000C99139 /* Assets.xcassets */; };
/* End PBXBuildFile section */

/* Begin PBXFileReference section */
		25AF6A062379FF2A666E12F7 /* Pods-XiaoBie.debug.xcconfig */ = {isa = PBXFileReference; includeInIndex = 1; lastKnownFileType = text.xcconfig; name = "Pods-XiaoBie.debug.xcconfig"; path = "Pods/Target Support Files/Pods-XiaoBie/Pods-XiaoBie.debug.xcconfig"; sourceTree = "<group>"; };
		5B50E1BC20284EDC00B365C8 /* Constant.swift */ = {isa = PBXFileReference; lastKnownFileType = sourcecode.swift; path = Constant.swift; sourceTree = "<group>"; };
		5B51FAD620293942001AB946 /* HateResponseModel.swift */ = {isa = PBXFileReference; lastKnownFileType = sourcecode.swift; path = HateResponseModel.swift; sourceTree = "<group>"; };
		5B51FADA20293D4B001AB946 /* TabBarController.swift */ = {isa = PBXFileReference; lastKnownFileType = sourcecode.swift; path = TabBarController.swift; sourceTree = "<group>"; };
		5B51FADC20293E5B001AB946 /* MineViewController.swift */ = {isa = PBXFileReference; lastKnownFileType = sourcecode.swift; path = MineViewController.swift; sourceTree = "<group>"; };
		5B51FADE20293E65001AB946 /* ChatViewController.swift */ = {isa = PBXFileReference; lastKnownFileType = sourcecode.swift; path = ChatViewController.swift; sourceTree = "<group>"; };
		5B51FAE020293E73001AB946 /* OrderViewController.swift */ = {isa = PBXFileReference; lastKnownFileType = sourcecode.swift; path = OrderViewController.swift; sourceTree = "<group>"; };
		5B51FAE220293EA6001AB946 /* HomeViewController.swift */ = {isa = PBXFileReference; lastKnownFileType = sourcecode.swift; path = HomeViewController.swift; sourceTree = "<group>"; };
		5B51FAE420294441001AB946 /* NavigationController.swift */ = {isa = PBXFileReference; lastKnownFileType = sourcecode.swift; path = NavigationController.swift; sourceTree = "<group>"; };
		5B51FAE7202944FE001AB946 /* MiniTools.swift */ = {isa = PBXFileReference; lastKnownFileType = sourcecode.swift; path = MiniTools.swift; sourceTree = "<group>"; };
		5B51FAEA202947E2001AB946 /* ViewController.swift */ = {isa = PBXFileReference; fileEncoding = 4; lastKnownFileType = sourcecode.swift; path = ViewController.swift; sourceTree = "<group>"; };
		5B51FAEB202947E2001AB946 /* View.swift */ = {isa = PBXFileReference; fileEncoding = 4; lastKnownFileType = sourcecode.swift; path = View.swift; sourceTree = "<group>"; };
		5B51FAEC202947E2001AB946 /* String.swift */ = {isa = PBXFileReference; fileEncoding = 4; lastKnownFileType = sourcecode.swift; path = String.swift; sourceTree = "<group>"; };
		5B51FAED202947E2001AB946 /* Button.swift */ = {isa = PBXFileReference; fileEncoding = 4; lastKnownFileType = sourcecode.swift; path = Button.swift; sourceTree = "<group>"; };
		5B51FAF2202948AA001AB946 /* PhotoPickerHandler.swift */ = {isa = PBXFileReference; fileEncoding = 4; lastKnownFileType = sourcecode.swift; path = PhotoPickerHandler.swift; sourceTree = "<group>"; };
		5B51FAF3202948AA001AB946 /* HudTool.swift */ = {isa = PBXFileReference; fileEncoding = 4; lastKnownFileType = sourcecode.swift; path = HudTool.swift; sourceTree = "<group>"; };
		5B51FAF5202948AA001AB946 /* WebTool.swift */ = {isa = PBXFileReference; fileEncoding = 4; lastKnownFileType = sourcecode.swift; path = WebTool.swift; sourceTree = "<group>"; };
		5B51FAF6202948AA001AB946 /* AccountTool.swift */ = {isa = PBXFileReference; fileEncoding = 4; lastKnownFileType = sourcecode.swift; path = AccountTool.swift; sourceTree = "<group>"; };
		5B51FAFC20294A1D001AB946 /* CacheTool.swift */ = {isa = PBXFileReference; fileEncoding = 4; lastKnownFileType = sourcecode.swift; path = CacheTool.swift; sourceTree = "<group>"; };
		5B51FAFD20294A1D001AB946 /* ValidateTool.swift */ = {isa = PBXFileReference; fileEncoding = 4; lastKnownFileType = sourcecode.swift; path = ValidateTool.swift; sourceTree = "<group>"; };
		5B7CCEC3202808E000C99139 /* XiaoBie.app */ = {isa = PBXFileReference; explicitFileType = wrapper.application; includeInIndex = 0; path = XiaoBie.app; sourceTree = BUILT_PRODUCTS_DIR; };
		5B7CCEC6202808E000C99139 /* AppDelegate.swift */ = {isa = PBXFileReference; lastKnownFileType = sourcecode.swift; path = AppDelegate.swift; sourceTree = "<group>"; };
		5B7CCECD202808E000C99139 /* Assets.xcassets */ = {isa = PBXFileReference; lastKnownFileType = folder.assetcatalog; path = Assets.xcassets; sourceTree = "<group>"; };
		5B9FDF0E202855FA00F306E9 /* Info.plist */ = {isa = PBXFileReference; fileEncoding = 4; lastKnownFileType = text.plist.xml; path = Info.plist; sourceTree = "<group>"; };
		5B9FDF102028567100F306E9 /* BridgingHeader.h */ = {isa = PBXFileReference; lastKnownFileType = sourcecode.c.h; path = BridgingHeader.h; sourceTree = "<group>"; };
		625C4FCB2912A7B858D2FD7C /* Pods-XiaoBie.release.xcconfig */ = {isa = PBXFileReference; includeInIndex = 1; lastKnownFileType = text.xcconfig; name = "Pods-XiaoBie.release.xcconfig"; path = "Pods/Target Support Files/Pods-XiaoBie/Pods-XiaoBie.release.xcconfig"; sourceTree = "<group>"; };
		D91A1F6D117775FE7772F39B /* Pods_XiaoBie.framework */ = {isa = PBXFileReference; explicitFileType = wrapper.framework; includeInIndex = 0; path = Pods_XiaoBie.framework; sourceTree = BUILT_PRODUCTS_DIR; };
/* End PBXFileReference section */

/* Begin PBXFrameworksBuildPhase section */
		5B7CCEC0202808E000C99139 /* Frameworks */ = {
			isa = PBXFrameworksBuildPhase;
			buildActionMask = 2147483647;
			files = (
				59F360022B39CFB0D519410A /* Pods_XiaoBie.framework in Frameworks */,
			);
			runOnlyForDeploymentPostprocessing = 0;
		};
/* End PBXFrameworksBuildPhase section */

/* Begin PBXGroup section */
		5B495FEE202839B800CC4B91 /* Home（首页） */ = {
			isa = PBXGroup;
			children = (
				5B51FAD620293942001AB946 /* HateResponseModel.swift */,
				5B51FAE220293EA6001AB946 /* HomeViewController.swift */,
			);
			path = "Home（首页）";
			sourceTree = "<group>";
		};
		5B495FF0202839CE00CC4B91 /* Order（抢单） */ = {
			isa = PBXGroup;
			children = (
				5B51FAE020293E73001AB946 /* OrderViewController.swift */,
			);
			path = "Order（抢单）";
			sourceTree = "<group>";
		};
		5B495FF1202839E900CC4B91 /* Chat（聊天） */ = {
			isa = PBXGroup;
			children = (
				5B51FADE20293E65001AB946 /* ChatViewController.swift */,
			);
			path = "Chat（聊天）";
			sourceTree = "<group>";
		};
		5B495FF2202839F700CC4B91 /* Mine（我的） */ = {
			isa = PBXGroup;
			children = (
				5B51FADC20293E5B001AB946 /* MineViewController.swift */,
			);
			path = "Mine（我的）";
			sourceTree = "<group>";
		};
		5B495FF320283A5600CC4B91 /* Login（登录） */ = {
			isa = PBXGroup;
			children = (
			);
			path = "Login（登录）";
			sourceTree = "<group>";
		};
		5B51FAD820293D0E001AB946 /* Global */ = {
			isa = PBXGroup;
			children = (
				5B51FAD920293D23001AB946 /* Control */,
			);
			path = Global;
			sourceTree = "<group>";
		};
		5B51FAD920293D23001AB946 /* Control */ = {
			isa = PBXGroup;
			children = (
				5B51FADA20293D4B001AB946 /* TabBarController.swift */,
				5B51FAE420294441001AB946 /* NavigationController.swift */,
			);
			path = Control;
			sourceTree = "<group>";
		};
		5B51FAE6202944E4001AB946 /* Tool */ = {
			isa = PBXGroup;
			children = (
				5B51FAFC20294A1D001AB946 /* CacheTool.swift */,
				5B51FAFD20294A1D001AB946 /* ValidateTool.swift */,
				5B51FAF6202948AA001AB946 /* AccountTool.swift */,
				5B51FAF3202948AA001AB946 /* HudTool.swift */,
				5B51FAF5202948AA001AB946 /* WebTool.swift */,
				5B51FAE7202944FE001AB946 /* MiniTools.swift */,
			);
			path = Tool;
			sourceTree = "<group>";
		};
		5B51FAE9202947E2001AB946 /* Extension（扩展） */ = {
			isa = PBXGroup;
			children = (
				5B51FAEA202947E2001AB946 /* ViewController.swift */,
				5B51FAEB202947E2001AB946 /* View.swift */,
				5B51FAEC202947E2001AB946 /* String.swift */,
				5B51FAED202947E2001AB946 /* Button.swift */,
			);
			name = "Extension（扩展）";
			path = "XiaoBie/Extension（扩展）";
			sourceTree = SOURCE_ROOT;
		};
		5B51FB0020297768001AB946 /* Handler */ = {
			isa = PBXGroup;
			children = (
				5B51FAF2202948AA001AB946 /* PhotoPickerHandler.swift */,
			);
			path = Handler;
			sourceTree = "<group>";
		};
		5B7CCEBA202808E000C99139 = {
			isa = PBXGroup;
			children = (
				5B7CCEC5202808E000C99139 /* XiaoBie */,
				5B7CCEC4202808E000C99139 /* Products */,
				78000C48D14F8EB68F31A887 /* Pods */,
				F5EB2AEA65FA28B7BF35117C /* Frameworks */,
			);
			sourceTree = "<group>";
		};
		5B7CCEC4202808E000C99139 /* Products */ = {
			isa = PBXGroup;
			children = (
				5B7CCEC3202808E000C99139 /* XiaoBie.app */,
			);
			name = Products;
			sourceTree = "<group>";
		};
		5B7CCEC5202808E000C99139 /* XiaoBie */ = {
			isa = PBXGroup;
			children = (
				5B51FB0020297768001AB946 /* Handler */,
				5B51FAE6202944E4001AB946 /* Tool */,
				5B51FAE9202947E2001AB946 /* Extension（扩展） */,
				5B51FAD820293D0E001AB946 /* Global */,
				5B495FEE202839B800CC4B91 /* Home（首页） */,
				5B495FF0202839CE00CC4B91 /* Order（抢单） */,
				5B495FF1202839E900CC4B91 /* Chat（聊天） */,
				5B495FF2202839F700CC4B91 /* Mine（我的） */,
				5B495FF320283A5600CC4B91 /* Login（登录） */,
				5B9FDF0C202855FA00F306E9 /* Supporting File */,
				5B7CCEC6202808E000C99139 /* AppDelegate.swift */,
				5B50E1BC20284EDC00B365C8 /* Constant.swift */,
				5B7CCECD202808E000C99139 /* Assets.xcassets */,
			);
			path = XiaoBie;
			sourceTree = "<group>";
		};
		5B9FDF0C202855FA00F306E9 /* Supporting File */ = {
			isa = PBXGroup;
			children = (
				5B9FDF102028567100F306E9 /* BridgingHeader.h */,
				5B9FDF0E202855FA00F306E9 /* Info.plist */,
			);
			path = "Supporting File";
			sourceTree = "<group>";
		};
		78000C48D14F8EB68F31A887 /* Pods */ = {
			isa = PBXGroup;
			children = (
				25AF6A062379FF2A666E12F7 /* Pods-XiaoBie.debug.xcconfig */,
				625C4FCB2912A7B858D2FD7C /* Pods-XiaoBie.release.xcconfig */,
			);
			name = Pods;
			sourceTree = "<group>";
		};
		F5EB2AEA65FA28B7BF35117C /* Frameworks */ = {
			isa = PBXGroup;
			children = (
				D91A1F6D117775FE7772F39B /* Pods_XiaoBie.framework */,
			);
			name = Frameworks;
			sourceTree = "<group>";
		};
/* End PBXGroup section */

/* Begin PBXNativeTarget section */
		5B7CCEC2202808E000C99139 /* XiaoBie */ = {
			isa = PBXNativeTarget;
			buildConfigurationList = 5B7CCED5202808E000C99139 /* Build configuration list for PBXNativeTarget "XiaoBie" */;
			buildPhases = (
				5E22B7E4848DBCFE55F9AFEA /* [CP] Check Pods Manifest.lock */,
				5B7CCEBF202808E000C99139 /* Sources */,
				5B7CCEC0202808E000C99139 /* Frameworks */,
				5B7CCEC1202808E000C99139 /* Resources */,
				F8572AAF847C230D27960184 /* [CP] Embed Pods Frameworks */,
				309C668C4EFBD70BD2FC329E /* [CP] Copy Pods Resources */,
			);
			buildRules = (
			);
			dependencies = (
			);
			name = XiaoBie;
			productName = XiaoBie;
			productReference = 5B7CCEC3202808E000C99139 /* XiaoBie.app */;
			productType = "com.apple.product-type.application";
		};
/* End PBXNativeTarget section */

/* Begin PBXProject section */
		5B7CCEBB202808E000C99139 /* Project object */ = {
			isa = PBXProject;
			attributes = {
				LastSwiftUpdateCheck = 0920;
				LastUpgradeCheck = 0920;
				ORGANIZATIONNAME = wenwenwenwu;
				TargetAttributes = {
					5B7CCEC2202808E000C99139 = {
						CreatedOnToolsVersion = 9.2;
						ProvisioningStyle = Automatic;
					};
				};
			};
			buildConfigurationList = 5B7CCEBE202808E000C99139 /* Build configuration list for PBXProject "XiaoBie" */;
			compatibilityVersion = "Xcode 8.0";
			developmentRegion = en;
			hasScannedForEncodings = 0;
			knownRegions = (
				en,
				Base,
			);
			mainGroup = 5B7CCEBA202808E000C99139;
			productRefGroup = 5B7CCEC4202808E000C99139 /* Products */;
			projectDirPath = "";
			projectRoot = "";
			targets = (
				5B7CCEC2202808E000C99139 /* XiaoBie */,
			);
		};
/* End PBXProject section */

/* Begin PBXResourcesBuildPhase section */
		5B7CCEC1202808E000C99139 /* Resources */ = {
			isa = PBXResourcesBuildPhase;
			buildActionMask = 2147483647;
			files = (
				5B7CCECE202808E000C99139 /* Assets.xcassets in Resources */,
			);
			runOnlyForDeploymentPostprocessing = 0;
		};
/* End PBXResourcesBuildPhase section */

/* Begin PBXShellScriptBuildPhase section */
		309C668C4EFBD70BD2FC329E /* [CP] Copy Pods Resources */ = {
			isa = PBXShellScriptBuildPhase;
			buildActionMask = 2147483647;
			files = (
			);
			inputPaths = (
			);
			name = "[CP] Copy Pods Resources";
			outputPaths = (
			);
			runOnlyForDeploymentPostprocessing = 0;
			shellPath = /bin/sh;
			shellScript = "\"${SRCROOT}/Pods/Target Support Files/Pods-XiaoBie/Pods-XiaoBie-resources.sh\"\n";
			showEnvVarsInLog = 0;
		};
		5E22B7E4848DBCFE55F9AFEA /* [CP] Check Pods Manifest.lock */ = {
			isa = PBXShellScriptBuildPhase;
			buildActionMask = 2147483647;
			files = (
			);
			inputPaths = (
			);
			name = "[CP] Check Pods Manifest.lock";
			outputPaths = (
			);
			runOnlyForDeploymentPostprocessing = 0;
			shellPath = /bin/sh;
			shellScript = "diff \"${PODS_PODFILE_DIR_PATH}/Podfile.lock\" \"${PODS_ROOT}/Manifest.lock\" > /dev/null\nif [ $? != 0 ] ; then\n    # print error to STDERR\n    echo \"error: The sandbox is not in sync with the Podfile.lock. Run 'pod install' or update your CocoaPods installation.\" >&2\n    exit 1\nfi\n";
			showEnvVarsInLog = 0;
		};
		F8572AAF847C230D27960184 /* [CP] Embed Pods Frameworks */ = {
			isa = PBXShellScriptBuildPhase;
			buildActionMask = 2147483647;
			files = (
			);
			inputPaths = (
			);
			name = "[CP] Embed Pods Frameworks";
			outputPaths = (
			);
			runOnlyForDeploymentPostprocessing = 0;
			shellPath = /bin/sh;
			shellScript = "\"${SRCROOT}/Pods/Target Support Files/Pods-XiaoBie/Pods-XiaoBie-frameworks.sh\"\n";
			showEnvVarsInLog = 0;
		};
/* End PBXShellScriptBuildPhase section */

/* Begin PBXSourcesBuildPhase section */
		5B7CCEBF202808E000C99139 /* Sources */ = {
			isa = PBXSourcesBuildPhase;
			buildActionMask = 2147483647;
			files = (
				5B51FAD720293942001AB946 /* HateResponseModel.swift in Sources */,
				5B51FAF0202947E2001AB946 /* String.swift in Sources */,
				5B7CCEC7202808E000C99139 /* AppDelegate.swift in Sources */,
				5B51FADF20293E65001AB946 /* ChatViewController.swift in Sources */,
				5B51FAF7202948AA001AB946 /* PhotoPickerHandler.swift in Sources */,
				5B51FAE320293EA6001AB946 /* HomeViewController.swift in Sources */,
				5B51FAEE202947E2001AB946 /* ViewController.swift in Sources */,
				5B51FAF8202948AA001AB946 /* HudTool.swift in Sources */,
				5B51FAE520294441001AB946 /* NavigationController.swift in Sources */,
				5B51FAF1202947E2001AB946 /* Button.swift in Sources */,
				5B51FAFA202948AA001AB946 /* WebTool.swift in Sources */,
				5B51FAE8202944FE001AB946 /* MiniTools.swift in Sources */,
				5B51FADB20293D4B001AB946 /* TabBarController.swift in Sources */,
				5B51FAFF20294A1D001AB946 /* ValidateTool.swift in Sources */,
				5B51FAEF202947E2001AB946 /* View.swift in Sources */,
				5B50E1BD20284EDC00B365C8 /* Constant.swift in Sources */,
				5B51FAFE20294A1D001AB946 /* CacheTool.swift in Sources */,
				5B51FADD20293E5B001AB946 /* MineViewController.swift in Sources */,
				5B51FAFB202948AA001AB946 /* AccountTool.swift in Sources */,
				5B51FAE120293E73001AB946 /* OrderViewController.swift in Sources */,
			);
			runOnlyForDeploymentPostprocessing = 0;
		};
/* End PBXSourcesBuildPhase section */

/* Begin XCBuildConfiguration section */
		5B7CCED3202808E000C99139 /* Debug */ = {
			isa = XCBuildConfiguration;
			buildSettings = {
				ALWAYS_SEARCH_USER_PATHS = NO;
				CLANG_ANALYZER_NONNULL = YES;
				CLANG_ANALYZER_NUMBER_OBJECT_CONVERSION = YES_AGGRESSIVE;
				CLANG_CXX_LANGUAGE_STANDARD = "gnu++14";
				CLANG_CXX_LIBRARY = "libc++";
				CLANG_ENABLE_MODULES = YES;
				CLANG_ENABLE_OBJC_ARC = YES;
				CLANG_WARN_BLOCK_CAPTURE_AUTORELEASING = YES;
				CLANG_WARN_BOOL_CONVERSION = YES;
				CLANG_WARN_COMMA = YES;
				CLANG_WARN_CONSTANT_CONVERSION = YES;
				CLANG_WARN_DIRECT_OBJC_ISA_USAGE = YES_ERROR;
				CLANG_WARN_DOCUMENTATION_COMMENTS = YES;
				CLANG_WARN_EMPTY_BODY = YES;
				CLANG_WARN_ENUM_CONVERSION = YES;
				CLANG_WARN_INFINITE_RECURSION = YES;
				CLANG_WARN_INT_CONVERSION = YES;
				CLANG_WARN_NON_LITERAL_NULL_CONVERSION = YES;
				CLANG_WARN_OBJC_LITERAL_CONVERSION = YES;
				CLANG_WARN_OBJC_ROOT_CLASS = YES_ERROR;
				CLANG_WARN_RANGE_LOOP_ANALYSIS = YES;
				CLANG_WARN_STRICT_PROTOTYPES = YES;
				CLANG_WARN_SUSPICIOUS_MOVE = YES;
				CLANG_WARN_UNGUARDED_AVAILABILITY = YES_AGGRESSIVE;
				CLANG_WARN_UNREACHABLE_CODE = YES;
				CLANG_WARN__DUPLICATE_METHOD_MATCH = YES;
				CODE_SIGN_IDENTITY = "iPhone Developer";
				COPY_PHASE_STRIP = NO;
				DEBUG_INFORMATION_FORMAT = dwarf;
				ENABLE_STRICT_OBJC_MSGSEND = YES;
				ENABLE_TESTABILITY = YES;
				GCC_C_LANGUAGE_STANDARD = gnu11;
				GCC_DYNAMIC_NO_PIC = NO;
				GCC_NO_COMMON_BLOCKS = YES;
				GCC_OPTIMIZATION_LEVEL = 0;
				GCC_PREPROCESSOR_DEFINITIONS = (
					"DEBUG=1",
					"$(inherited)",
				);
				GCC_WARN_64_TO_32_BIT_CONVERSION = YES;
				GCC_WARN_ABOUT_RETURN_TYPE = YES_ERROR;
				GCC_WARN_UNDECLARED_SELECTOR = YES;
				GCC_WARN_UNINITIALIZED_AUTOS = YES_AGGRESSIVE;
				GCC_WARN_UNUSED_FUNCTION = YES;
				GCC_WARN_UNUSED_VARIABLE = YES;
				IPHONEOS_DEPLOYMENT_TARGET = 11.2;
				MTL_ENABLE_DEBUG_INFO = YES;
				ONLY_ACTIVE_ARCH = YES;
				SDKROOT = iphoneos;
				SWIFT_ACTIVE_COMPILATION_CONDITIONS = DEBUG;
				SWIFT_OPTIMIZATION_LEVEL = "-Onone";
			};
			name = Debug;
		};
		5B7CCED4202808E000C99139 /* Release */ = {
			isa = XCBuildConfiguration;
			buildSettings = {
				ALWAYS_SEARCH_USER_PATHS = NO;
				CLANG_ANALYZER_NONNULL = YES;
				CLANG_ANALYZER_NUMBER_OBJECT_CONVERSION = YES_AGGRESSIVE;
				CLANG_CXX_LANGUAGE_STANDARD = "gnu++14";
				CLANG_CXX_LIBRARY = "libc++";
				CLANG_ENABLE_MODULES = YES;
				CLANG_ENABLE_OBJC_ARC = YES;
				CLANG_WARN_BLOCK_CAPTURE_AUTORELEASING = YES;
				CLANG_WARN_BOOL_CONVERSION = YES;
				CLANG_WARN_COMMA = YES;
				CLANG_WARN_CONSTANT_CONVERSION = YES;
				CLANG_WARN_DIRECT_OBJC_ISA_USAGE = YES_ERROR;
				CLANG_WARN_DOCUMENTATION_COMMENTS = YES;
				CLANG_WARN_EMPTY_BODY = YES;
				CLANG_WARN_ENUM_CONVERSION = YES;
				CLANG_WARN_INFINITE_RECURSION = YES;
				CLANG_WARN_INT_CONVERSION = YES;
				CLANG_WARN_NON_LITERAL_NULL_CONVERSION = YES;
				CLANG_WARN_OBJC_LITERAL_CONVERSION = YES;
				CLANG_WARN_OBJC_ROOT_CLASS = YES_ERROR;
				CLANG_WARN_RANGE_LOOP_ANALYSIS = YES;
				CLANG_WARN_STRICT_PROTOTYPES = YES;
				CLANG_WARN_SUSPICIOUS_MOVE = YES;
				CLANG_WARN_UNGUARDED_AVAILABILITY = YES_AGGRESSIVE;
				CLANG_WARN_UNREACHABLE_CODE = YES;
				CLANG_WARN__DUPLICATE_METHOD_MATCH = YES;
				CODE_SIGN_IDENTITY = "iPhone Developer";
				COPY_PHASE_STRIP = NO;
				DEBUG_INFORMATION_FORMAT = "dwarf-with-dsym";
				ENABLE_NS_ASSERTIONS = NO;
				ENABLE_STRICT_OBJC_MSGSEND = YES;
				GCC_C_LANGUAGE_STANDARD = gnu11;
				GCC_NO_COMMON_BLOCKS = YES;
				GCC_WARN_64_TO_32_BIT_CONVERSION = YES;
				GCC_WARN_ABOUT_RETURN_TYPE = YES_ERROR;
				GCC_WARN_UNDECLARED_SELECTOR = YES;
				GCC_WARN_UNINITIALIZED_AUTOS = YES_AGGRESSIVE;
				GCC_WARN_UNUSED_FUNCTION = YES;
				GCC_WARN_UNUSED_VARIABLE = YES;
				IPHONEOS_DEPLOYMENT_TARGET = 11.2;
				MTL_ENABLE_DEBUG_INFO = NO;
				SDKROOT = iphoneos;
				SWIFT_OPTIMIZATION_LEVEL = "-Owholemodule";
				VALIDATE_PRODUCT = YES;
			};
			name = Release;
		};
		5B7CCED6202808E000C99139 /* Debug */ = {
			isa = XCBuildConfiguration;
			baseConfigurationReference = 25AF6A062379FF2A666E12F7 /* Pods-XiaoBie.debug.xcconfig */;
			buildSettings = {
				ASSETCATALOG_COMPILER_APPICON_NAME = AppIcon;
				ASSETCATALOG_COMPILER_LAUNCHIMAGE_NAME = LaunchImage;
				"CODE_SIGN_IDENTITY[sdk=iphoneos*]" = "iPhone Developer";
				CODE_SIGN_STYLE = Automatic;
				DEVELOPMENT_TEAM = MPXR757EXU;
				GCC_PRECOMPILE_PREFIX_HEADER = YES;
				GCC_PREFIX_HEADER = "/Users/wuwenwen/Documents/XiaoBie/XiaoBie/XiaoBie/Supporting File/BridgingHeader.h";
				INFOPLIST_FILE = "$(SRCROOT)/XiaoBie/Supporting File/Info.plist";
				IPHONEOS_DEPLOYMENT_TARGET = 9.0;
				LD_RUNPATH_SEARCH_PATHS = "$(inherited) @executable_path/Frameworks";
				PRODUCT_BUNDLE_IDENTIFIER = com.mukitech.XiaoBie;
				PRODUCT_NAME = "$(TARGET_NAME)";
				PROVISIONING_PROFILE_SPECIFIER = "";
				SWIFT_OBJC_BRIDGING_HEADER = "$(SRCROOT)/XiaoBie/Supporting File/BridgingHeader.h";
				SWIFT_VERSION = 4.0;
				TARGETED_DEVICE_FAMILY = 1;
			};
			name = Debug;
		};
		5B7CCED7202808E000C99139 /* Release */ = {
			isa = XCBuildConfiguration;
			baseConfigurationReference = 625C4FCB2912A7B858D2FD7C /* Pods-XiaoBie.release.xcconfig */;
			buildSettings = {
				ASSETCATALOG_COMPILER_APPICON_NAME = AppIcon;
				ASSETCATALOG_COMPILER_LAUNCHIMAGE_NAME = LaunchImage;
				"CODE_SIGN_IDENTITY[sdk=iphoneos*]" = "iPhone Developer";
				CODE_SIGN_STYLE = Automatic;
				DEVELOPMENT_TEAM = MPXR757EXU;
				GCC_PRECOMPILE_PREFIX_HEADER = YES;
				GCC_PREFIX_HEADER = "/Users/wuwenwen/Documents/XiaoBie/XiaoBie/XiaoBie/Supporting File/BridgingHeader.h";
				INFOPLIST_FILE = "$(SRCROOT)/XiaoBie/Supporting File/Info.plist";
				IPHONEOS_DEPLOYMENT_TARGET = 9.0;
				LD_RUNPATH_SEARCH_PATHS = "$(inherited) @executable_path/Frameworks";
				PRODUCT_BUNDLE_IDENTIFIER = com.mukitech.XiaoBie;
				PRODUCT_NAME = "$(TARGET_NAME)";
				PROVISIONING_PROFILE_SPECIFIER = "";
				SWIFT_OBJC_BRIDGING_HEADER = "$(SRCROOT)/XiaoBie/Supporting File/BridgingHeader.h";
				SWIFT_VERSION = 4.0;
				TARGETED_DEVICE_FAMILY = 1;
			};
			name = Release;
		};
/* End XCBuildConfiguration section */

/* Begin XCConfigurationList section */
		5B7CCEBE202808E000C99139 /* Build configuration list for PBXProject "XiaoBie" */ = {
			isa = XCConfigurationList;
			buildConfigurations = (
				5B7CCED3202808E000C99139 /* Debug */,
				5B7CCED4202808E000C99139 /* Release */,
			);
			defaultConfigurationIsVisible = 0;
			defaultConfigurationName = Release;
		};
		5B7CCED5202808E000C99139 /* Build configuration list for PBXNativeTarget "XiaoBie" */ = {
			isa = XCConfigurationList;
			buildConfigurations = (
				5B7CCED6202808E000C99139 /* Debug */,
				5B7CCED7202808E000C99139 /* Release */,
			);
			defaultConfigurationIsVisible = 0;
			defaultConfigurationName = Release;
		};
/* End XCConfigurationList section */
	};
	rootObject = 5B7CCEBB202808E000C99139 /* Project object */;
}
